<?xml version="1.0" encoding="utf-8"?>

<Project ToolsVersion="4.0" xmlns="http://schemas.microsoft.com/developer/msbuild/2003">
  <ItemGroup>
    <Filter Include="CSL_JUCE">
      <UniqueIdentifier>{517EE7A6-0B9C-ACBF-716E-CAC804FF55AA}</UniqueIdentifier>
    </Filter>
    <Filter Include="CSL_JUCE\CSL">
      <UniqueIdentifier>{6001C273-C1DD-CF4A-A9DA-141839C9F8A5}</UniqueIdentifier>
    </Filter>
    <Filter Include="CSL_JUCE\CSL\Kernel">
      <UniqueIdentifier>{64C7DBA3-1A8B-6828-9B92-28018121B728}</UniqueIdentifier>
    </Filter>
    <Filter Include="CSL_JUCE\CSL\Support">
      <UniqueIdentifier>{EB10AE7F-54CE-CAF9-D6DF-333D5483F02B}</UniqueIdentifier>
    </Filter>
    <Filter Include="CSL_JUCE\CSL\Utilities">
      <UniqueIdentifier>{2EC30134-5335-09A8-05F4-33B674CF91BC}</UniqueIdentifier>
    </Filter>
    <Filter Include="CSL_JUCE\CSL\Sources">
      <UniqueIdentifier>{0763BB08-D987-F604-F3D1-55AD30A0E042}</UniqueIdentifier>
    </Filter>
    <Filter Include="CSL_JUCE\CSL\Effects">
      <UniqueIdentifier>{8AFE5CE0-B5FB-A092-3832-B72C27676998}</UniqueIdentifier>
    </Filter>
    <Filter Include="CSL_JUCE\CSL\Spatializers">
      <UniqueIdentifier>{360EB8F1-3142-61EC-1A1B-15986F862CC1}</UniqueIdentifier>
    </Filter>
    <Filter Include="CSL_JUCE\CSL\Spatializers\Kernel">
      <UniqueIdentifier>{6303698C-0ACC-3397-43C4-83440F902415}</UniqueIdentifier>
    </Filter>
    <Filter Include="CSL_JUCE\CSL\Spatializers\VBAP">
      <UniqueIdentifier>{57FE95D7-2586-29A4-D408-A5FF149D0214}</UniqueIdentifier>
    </Filter>
    <Filter Include="CSL_JUCE\CSL\Spatializers\Ambisonic">
      <UniqueIdentifier>{CDE233BC-34AB-F66C-5C91-05662D26ED81}</UniqueIdentifier>
    </Filter>
    <Filter Include="CSL_JUCE\CSL\Spatializers\Binaural">
      <UniqueIdentifier>{3C93822D-42A0-E3EC-12D8-2C5D90CE75A3}</UniqueIdentifier>
    </Filter>
    <Filter Include="CSL_JUCE\CSL\Instruments">
      <UniqueIdentifier>{BFCCF849-0C14-178C-222E-3C1429A94669}</UniqueIdentifier>
    </Filter>
    <Filter Include="CSL_JUCE\CSL\IO">
      <UniqueIdentifier>{10C12DEC-D17E-3243-6A54-6C0E850A21B4}</UniqueIdentifier>
    </Filter>
    <Filter Include="CSL_JUCE\CSL\IO2">
      <UniqueIdentifier>{23569698-2577-EA57-188C-1B43A7002953}</UniqueIdentifier>
    </Filter>
    <Filter Include="CSL_JUCE\CSL\Tests">
      <UniqueIdentifier>{38FB2852-43B2-E791-6539-4992764EAAE4}</UniqueIdentifier>
    </Filter>
    <Filter Include="CSL_JUCE\CSL\GUI">
      <UniqueIdentifier>{F3C31600-B28E-AB66-3094-B00170F1932E}</UniqueIdentifier>
    </Filter>
    <Filter Include="CSL_JUCE\Source">
      <UniqueIdentifier>{DEE9702D-FBBB-6069-4B1F-DFC21D5771C7}</UniqueIdentifier>
    </Filter>
    <Filter Include="Juce Library Code">
      <UniqueIdentifier>{8B4D1BAA-6DB4-CAEC-A0FA-271F354D5C61}</UniqueIdentifier>
    </Filter>
  </ItemGroup>
  <ItemGroup>
    <ClCompile Include="..\..\..\CSL\Kernel\CSL_Core.cpp">
      <Filter>CSL_JUCE\CSL\Kernel</Filter>
    </ClCompile>
    <ClCompile Include="..\..\..\CSL\Kernel\CGestalt.cpp">
      <Filter>CSL_JUCE\CSL\Kernel</Filter>
    </ClCompile>
    <ClCompile Include="..\..\..\CSL\Utilities\FFT_Wrapper.cpp">
      <Filter>CSL_JUCE\CSL\Support</Filter>
    </ClCompile>
    <ClCompile Include="..\..\..\CSL\Utilities\FFTReal.cpp">
      <Filter>CSL_JUCE\CSL\Support</Filter>
    </ClCompile>
    <ClCompile Include="..\..\..\CSL\Utilities\CPoint.cpp">
      <Filter>CSL_JUCE\CSL\Support</Filter>
    </ClCompile>
    <ClCompile Include="..\..\..\CSL\Utilities\Variable.cpp">
      <Filter>CSL_JUCE\CSL\Utilities</Filter>
    </ClCompile>
    <ClCompile Include="..\..\..\CSL\Utilities\RingBuffer.cpp">
      <Filter>CSL_JUCE\CSL\Utilities</Filter>
    </ClCompile>
    <ClCompile Include="..\..\..\CSL\Utilities\ThreadUtilities.cpp">
      <Filter>CSL_JUCE\CSL\Utilities</Filter>
    </ClCompile>
    <ClCompile Include="..\..\..\CSL\Utilities\BlockResizer.cpp">
      <Filter>CSL_JUCE\CSL\Utilities</Filter>
    </ClCompile>
    <ClCompile Include="..\..\..\CSL\Sources\Window.cpp">
      <Filter>CSL_JUCE\CSL\Sources</Filter>
    </ClCompile>
    <ClCompile Include="..\..\..\CSL\Sources\Envelope.cpp">
      <Filter>CSL_JUCE\CSL\Sources</Filter>
    </ClCompile>
    <ClCompile Include="..\..\..\CSL\Sources\Noise.cpp">
      <Filter>CSL_JUCE\CSL\Sources</Filter>
    </ClCompile>
    <ClCompile Include="..\..\..\CSL\Sources\SimpleSines.cpp">
      <Filter>CSL_JUCE\CSL\Sources</Filter>
    </ClCompile>
    <ClCompile Include="..\..\..\CSL\Sources\Oscillator.cpp">
      <Filter>CSL_JUCE\CSL\Sources</Filter>
    </ClCompile>
    <ClCompile Include="..\..\..\CSL\Sources\Spectral.cpp">
      <Filter>CSL_JUCE\CSL\Sources</Filter>
    </ClCompile>
    <ClCompile Include="..\..\..\CSL\Sources\SHARC.cpp">
      <Filter>CSL_JUCE\CSL\Sources</Filter>
    </ClCompile>
    <ClCompile Include="..\..\..\CSL\Sources\KarplusString.cpp">
      <Filter>CSL_JUCE\CSL\Sources</Filter>
    </ClCompile>
    <ClCompile Include="..\..\..\CSL\Sources\Granulator.cpp">
      <Filter>CSL_JUCE\CSL\Sources</Filter>
    </ClCompile>
    <ClCompile Include="..\..\..\CSL\Sources\Lorenz.cpp">
      <Filter>CSL_JUCE\CSL\Sources</Filter>
    </ClCompile>
    <ClCompile Include="..\..\..\CSL\Sources\OscillatorBL.cpp">
      <Filter>CSL_JUCE\CSL\Sources</Filter>
    </ClCompile>
    <ClCompile Include="..\..\..\CSL\Sources\WaveShaper.cpp">
      <Filter>CSL_JUCE\CSL\Sources</Filter>
    </ClCompile>
    <ClCompile Include="..\..\..\CSL\Processors\BinaryOp.cpp">
      <Filter>CSL_JUCE\CSL\Effects</Filter>
    </ClCompile>
    <ClCompile Include="..\..\..\CSL\Processors\Mixer.cpp">
      <Filter>CSL_JUCE\CSL\Effects</Filter>
    </ClCompile>
    <ClCompile Include="..\..\..\CSL\Processors\Filters.cpp">
      <Filter>CSL_JUCE\CSL\Effects</Filter>
    </ClCompile>
    <ClCompile Include="..\..\..\CSL\Processors\FIR.cpp">
      <Filter>CSL_JUCE\CSL\Effects</Filter>
    </ClCompile>
    <ClCompile Include="..\..\..\CSL\Processors\Freeverb.cpp">
      <Filter>CSL_JUCE\CSL\Effects</Filter>
    </ClCompile>
    <ClCompile Include="..\..\..\CSL\Processors\InOut.cpp">
      <Filter>CSL_JUCE\CSL\Effects</Filter>
    </ClCompile>
    <ClCompile Include="..\..\..\CSL\Processors\Clipper.cpp">
      <Filter>CSL_JUCE\CSL\Effects</Filter>
    </ClCompile>
    <ClCompile Include="..\..\..\CSL\Spatializers\SpatialSource.cpp">
      <Filter>CSL_JUCE\CSL\Spatializers\Kernel</Filter>
    </ClCompile>
    <ClCompile Include="..\..\..\CSL\Spatializers\SpatialAudio.cpp">
      <Filter>CSL_JUCE\CSL\Spatializers\Kernel</Filter>
    </ClCompile>
    <ClCompile Include="..\..\..\CSL\Spatializers\SpatialPanner.cpp">
      <Filter>CSL_JUCE\CSL\Spatializers\Kernel</Filter>
    </ClCompile>
    <ClCompile Include="..\..\..\CSL\Spatializers\SimplePanner.cpp">
      <Filter>CSL_JUCE\CSL\Spatializers\Kernel</Filter>
    </ClCompile>
    <ClCompile Include="..\..\..\CSL\Spatializers\DistanceSimulator.cpp">
      <Filter>CSL_JUCE\CSL\Spatializers\Kernel</Filter>
    </ClCompile>
    <ClCompile Include="..\..\..\CSL\Spatializers\SpeakerLayout.cpp">
      <Filter>CSL_JUCE\CSL\Spatializers\Kernel</Filter>
    </ClCompile>
    <ClCompile Include="..\..\..\CSL\Spatializers\VBAP\PME.cpp">
      <Filter>CSL_JUCE\CSL\Spatializers\VBAP</Filter>
    </ClCompile>
    <ClCompile Include="..\..\..\CSL\Spatializers\VBAP\PracticalSocket.cpp">
      <Filter>CSL_JUCE\CSL\Spatializers\VBAP</Filter>
    </ClCompile>
    <ClCompile Include="..\..\..\CSL\Spatializers\VBAP\VBAP.cpp">
      <Filter>CSL_JUCE\CSL\Spatializers\VBAP</Filter>
    </ClCompile>
    <ClCompile Include="..\..\..\CSL\Spatializers\Ambisonic\Ambisonic.cpp">
      <Filter>CSL_JUCE\CSL\Spatializers\Ambisonic</Filter>
    </ClCompile>
    <ClCompile Include="..\..\..\CSL\Spatializers\Ambisonic\AmbisonicPanner.cpp">
      <Filter>CSL_JUCE\CSL\Spatializers\Ambisonic</Filter>
    </ClCompile>
    <ClCompile Include="..\..\..\CSL\Spatializers\Ambisonic\AmbisonicUtilities.cpp">
      <Filter>CSL_JUCE\CSL\Spatializers\Ambisonic</Filter>
    </ClCompile>
    <ClCompile Include="..\..\..\CSL\Spatializers\Binaural\BinauralDB.cpp">
      <Filter>CSL_JUCE\CSL\Spatializers\Binaural</Filter>
    </ClCompile>
    <ClCompile Include="..\..\..\CSL\Spatializers\Binaural\Binaural.cpp">
      <Filter>CSL_JUCE\CSL\Spatializers\Binaural</Filter>
    </ClCompile>
    <ClCompile Include="..\..\..\CSL\Instruments\Instrument.cpp">
      <Filter>CSL_JUCE\CSL\Instruments</Filter>
    </ClCompile>
    <ClCompile Include="..\..\..\CSL\Instruments\BasicFMInstrument.cpp">
      <Filter>CSL_JUCE\CSL\Instruments</Filter>
    </ClCompile>
    <ClCompile Include="..\..\..\CSL\Instruments\SndFileInstrument.cpp">
      <Filter>CSL_JUCE\CSL\Instruments</Filter>
    </ClCompile>
    <ClCompile Include="..\..\..\CSL\Instruments\AdditiveInstrument.cpp">
      <Filter>CSL_JUCE\CSL\Instruments</Filter>
    </ClCompile>
    <ClCompile Include="..\..\..\CSL\IO\FileIO.cpp">
      <Filter>CSL_JUCE\CSL\IO</Filter>
    </ClCompile>
    <ClCompile Include="..\..\..\CSL\IO\SoundFile.cpp">
      <Filter>CSL_JUCE\CSL\IO</Filter>
    </ClCompile>
    <ClCompile Include="..\..\..\CSL\IO\SoundFileL.cpp">
      <Filter>CSL_JUCE\CSL\IO</Filter>
    </ClCompile>
    <ClCompile Include="..\..\..\CSL\IO\SoundFileJ.cpp">
      <Filter>CSL_JUCE\CSL\IO</Filter>
    </ClCompile>
    <ClCompile Include="..\..\..\CSL\IO\SoundFileMP3.cpp">
      <Filter>CSL_JUCE\CSL\IO</Filter>
    </ClCompile>
    <ClCompile Include="..\..\..\CSL\IO\MIDIIOJ.cpp">
      <Filter>CSL_JUCE\CSL\IO</Filter>
    </ClCompile>
    <ClCompile Include="..\..\..\CSL\IO\OSC_support.cpp">
      <Filter>CSL_JUCE\CSL\IO</Filter>
    </ClCompile>
    <ClCompile Include="..\..\..\CSL\IO\SoundFileCA.cpp">
      <Filter>CSL_JUCE\CSL\IO2</Filter>
    </ClCompile>
    <ClCompile Include="..\..\..\CSL\IO\PAIO.cpp">
      <Filter>CSL_JUCE\CSL\IO2</Filter>
    </ClCompile>
    <ClCompile Include="..\..\..\CSL\IO\JUCEIO.cpp">
      <Filter>CSL_JUCE\CSL\IO2</Filter>
    </ClCompile>
    <ClCompile Include="..\..\..\CSL\IO\iphoneIO.cpp">
      <Filter>CSL_JUCE\CSL\IO2</Filter>
    </ClCompile>
    <ClCompile Include="..\..\..\CSL\IO\VSTIO.cpp">
      <Filter>CSL_JUCE\CSL\IO2</Filter>
    </ClCompile>
    <ClCompile Include="..\..\..\CSL\IO\JackIO.cpp">
      <Filter>CSL_JUCE\CSL\IO2</Filter>
    </ClCompile>
    <ClCompile Include="..\..\..\CSL\IO\NullIO.cpp">
      <Filter>CSL_JUCE\CSL\IO2</Filter>
    </ClCompile>
    <ClCompile Include="..\..\..\CSL\IO\RemoteIO.cpp">
      <Filter>CSL_JUCE\CSL\IO2</Filter>
    </ClCompile>
    <ClCompile Include="..\..\..\CSL\IO\RemoteStream.cpp">
      <Filter>CSL_JUCE\CSL\IO2</Filter>
    </ClCompile>
    <ClCompile Include="..\..\..\CSL\Tests\Test_Support.cpp">
      <Filter>CSL_JUCE\CSL\Tests</Filter>
    </ClCompile>
    <ClCompile Include="..\..\..\CSL\Tests\Test_Oscillators.cpp">
      <Filter>CSL_JUCE\CSL\Tests</Filter>
    </ClCompile>
    <ClCompile Include="..\..\..\CSL\Tests\Test_Sources.cpp">
      <Filter>CSL_JUCE\CSL\Tests</Filter>
    </ClCompile>
    <ClCompile Include="..\..\..\CSL\Tests\Test_Envelopes.cpp">
      <Filter>CSL_JUCE\CSL\Tests</Filter>
    </ClCompile>
    <ClCompile Include="..\..\..\CSL\Tests\Test_Effects.cpp">
      <Filter>CSL_JUCE\CSL\Tests</Filter>
    </ClCompile>
    <ClCompile Include="..\..\..\CSL\Tests\Test_Panners.cpp">
      <Filter>CSL_JUCE\CSL\Tests</Filter>
    </ClCompile>
    <ClCompile Include="..\..\..\CSL\Tests\Test_Control.cpp">
      <Filter>CSL_JUCE\CSL\Tests</Filter>
    </ClCompile>
    <ClCompile Include="..\..\..\CSL\Tests\Test_Audio.cpp">
      <Filter>CSL_JUCE\CSL\Tests</Filter>
    </ClCompile>
    <ClCompile Include="..\..\..\CSL\Tests\OSC\Test_OSC_Client.cpp">
      <Filter>CSL_JUCE\CSL\Tests</Filter>
    </ClCompile>
    <ClCompile Include="..\..\..\JUCE\CSL_TestComponent.cpp">
      <Filter>CSL_JUCE\CSL\GUI</Filter>
    </ClCompile>
    <ClCompile Include="..\..\..\JUCE\CSL_AbstComponent.cpp">
      <Filter>CSL_JUCE\CSL\GUI</Filter>
    </ClCompile>
    <ClCompile Include="..\..\..\JUCE\JCSL_Widgets.cpp">
      <Filter>CSL_JUCE\CSL\GUI</Filter>
    </ClCompile>
    <ClCompile Include="..\..\..\JUCE\Main.cpp">
      <Filter>CSL_JUCE\CSL\GUI</Filter>
    </ClCompile>
    <ClCompile Include="..\..\Source\Main.cpp">
      <Filter>CSL_JUCE\Source</Filter>
    </ClCompile>
    <ClCompile Include="..\..\JuceLibraryCode\BinaryData.cpp">
      <Filter>Juce Library Code</Filter>
    </ClCompile>
  </ItemGroup>
  <ItemGroup>
    <ClInclude Include="..\..\..\CSL\Kernel\CSL_Types.h">
      <Filter>CSL_JUCE\CSL\Kernel</Filter>
    </ClInclude>
    <ClInclude Include="..\..\..\CSL\Kernel\CSL_Exceptions.h">
      <Filter>CSL_JUCE\CSL\Kernel</Filter>
    </ClInclude>
    <ClInclude Include="..\..\..\CSL\Kernel\CSL_Core.h">
      <Filter>CSL_JUCE\CSL\Kernel</Filter>
    </ClInclude>
    <ClInclude Include="..\..\..\CSL\Kernel\CGestalt.h">
      <Filter>CSL_JUCE\CSL\Kernel</Filter>
    </ClInclude>
    <ClInclude Include="..\..\..\CSL\Kernel\CSL_Includes.h">
      <Filter>CSL_JUCE\CSL\Support</Filter>
    </ClInclude>
    <ClInclude Include="..\..\..\CSL\Utilities\FFT_Wrapper.h">
      <Filter>CSL_JUCE\CSL\Support</Filter>
    </ClInclude>
    <ClInclude Include="..\..\..\CSL\Utilities\FFTReal.h">
      <Filter>CSL_JUCE\CSL\Support</Filter>
    </ClInclude>
    <ClInclude Include="..\..\..\CSL\Utilities\CPoint.h">
      <Filter>CSL_JUCE\CSL\Support</Filter>
    </ClInclude>
    <ClInclude Include="..\..\..\CSL\Spatializers\matrix.hpp">
      <Filter>CSL_JUCE\CSL\Support</Filter>
    </ClInclude>
    <ClInclude Include="..\..\..\CSL\Utilities\Variable.h">
      <Filter>CSL_JUCE\CSL\Utilities</Filter>
    </ClInclude>
    <ClInclude Include="..\..\..\CSL\Utilities\RingBuffer.h">
      <Filter>CSL_JUCE\CSL\Utilities</Filter>
    </ClInclude>
    <ClInclude Include="..\..\..\CSL\Utilities\ThreadUtilities.h">
      <Filter>CSL_JUCE\CSL\Utilities</Filter>
    </ClInclude>
    <ClInclude Include="..\..\..\CSL\Utilities\BlockResizer.h">
      <Filter>CSL_JUCE\CSL\Utilities</Filter>
    </ClInclude>
    <ClInclude Include="..\..\..\CSL\Sources\Window.h">
      <Filter>CSL_JUCE\CSL\Sources</Filter>
    </ClInclude>
    <ClInclude Include="..\..\..\CSL\Sources\Envelope.h">
      <Filter>CSL_JUCE\CSL\Sources</Filter>
    </ClInclude>
    <ClInclude Include="..\..\..\CSL\Sources\Noise.h">
      <Filter>CSL_JUCE\CSL\Sources</Filter>
    </ClInclude>
    <ClInclude Include="..\..\..\CSL\Sources\SimpleSines.h">
      <Filter>CSL_JUCE\CSL\Sources</Filter>
    </ClInclude>
    <ClInclude Include="..\..\..\CSL\Sources\Oscillator.h">
      <Filter>CSL_JUCE\CSL\Sources</Filter>
    </ClInclude>
    <ClInclude Include="..\..\..\CSL\Sources\Spectral.h">
      <Filter>CSL_JUCE\CSL\Sources</Filter>
    </ClInclude>
    <ClInclude Include="..\..\..\CSL\Sources\SHARC.h">
      <Filter>CSL_JUCE\CSL\Sources</Filter>
    </ClInclude>
    <ClInclude Include="..\..\..\CSL\Sources\KarplusString.h">
      <Filter>CSL_JUCE\CSL\Sources</Filter>
    </ClInclude>
    <ClInclude Include="..\..\..\CSL\Sources\Granulator.h">
      <Filter>CSL_JUCE\CSL\Sources</Filter>
    </ClInclude>
    <ClInclude Include="..\..\..\CSL\Sources\Lorenz.h">
      <Filter>CSL_JUCE\CSL\Sources</Filter>
    </ClInclude>
    <ClInclude Include="..\..\..\CSL\Sources\OscillatorBL.h">
      <Filter>CSL_JUCE\CSL\Sources</Filter>
    </ClInclude>
    <ClInclude Include="..\..\..\CSL\Sources\WaveShaper.h">
      <Filter>CSL_JUCE\CSL\Sources</Filter>
    </ClInclude>
    <ClInclude Include="..\..\..\CSL\Processors\BinaryOp.h">
      <Filter>CSL_JUCE\CSL\Effects</Filter>
    </ClInclude>
    <ClInclude Include="..\..\..\CSL\Processors\Mixer.h">
      <Filter>CSL_JUCE\CSL\Effects</Filter>
    </ClInclude>
    <ClInclude Include="..\..\..\CSL\Processors\Filters.h">
      <Filter>CSL_JUCE\CSL\Effects</Filter>
    </ClInclude>
    <ClInclude Include="..\..\..\CSL\Processors\FIR.h">
      <Filter>CSL_JUCE\CSL\Effects</Filter>
    </ClInclude>
    <ClInclude Include="..\..\..\CSL\Processors\Freeverb.h">
      <Filter>CSL_JUCE\CSL\Effects</Filter>
    </ClInclude>
    <ClInclude Include="..\..\..\CSL\Processors\InOut.h">
      <Filter>CSL_JUCE\CSL\Effects</Filter>
    </ClInclude>
    <ClInclude Include="..\..\..\CSL\Processors\Clipper.h">
      <Filter>CSL_JUCE\CSL\Effects</Filter>
    </ClInclude>
    <ClInclude Include="..\..\..\CSL\Spatializers\SpatialSource.h">
      <Filter>CSL_JUCE\CSL\Spatializers\Kernel</Filter>
    </ClInclude>
    <ClInclude Include="..\..\..\CSL\Spatializers\SpatialAudio.h">
      <Filter>CSL_JUCE\CSL\Spatializers\Kernel</Filter>
    </ClInclude>
    <ClInclude Include="..\..\..\CSL\Spatializers\SpatialPanner.h">
      <Filter>CSL_JUCE\CSL\Spatializers\Kernel</Filter>
    </ClInclude>
    <ClInclude Include="..\..\..\CSL\Spatializers\SimplePanner.h">
      <Filter>CSL_JUCE\CSL\Spatializers\Kernel</Filter>
    </ClInclude>
    <ClInclude Include="..\..\..\CSL\Spatializers\DistanceSimulator.h">
      <Filter>CSL_JUCE\CSL\Spatializers\Kernel</Filter>
    </ClInclude>
    <ClInclude Include="..\..\..\CSL\Spatializers\SpeakerLayout.h">
      <Filter>CSL_JUCE\CSL\Spatializers\Kernel</Filter>
    </ClInclude>
    <ClInclude Include="..\..\..\CSL\Spatializers\VBAP\PME.h">
      <Filter>CSL_JUCE\CSL\Spatializers\VBAP</Filter>
    </ClInclude>
    <ClInclude Include="..\..\..\CSL\Spatializers\VBAP\PracticalSocket.h">
      <Filter>CSL_JUCE\CSL\Spatializers\VBAP</Filter>
    </ClInclude>
    <ClInclude Include="..\..\..\CSL\Spatializers\VBAP\VBAP.h">
      <Filter>CSL_JUCE\CSL\Spatializers\VBAP</Filter>
    </ClInclude>
    <ClInclude Include="..\..\..\CSL\Spatializers\Ambisonic\Ambisonic.h">
      <Filter>CSL_JUCE\CSL\Spatializers\Ambisonic</Filter>
    </ClInclude>
    <ClInclude Include="..\..\..\CSL\Spatializers\Ambisonic\AmbisonicPanner.h">
      <Filter>CSL_JUCE\CSL\Spatializers\Ambisonic</Filter>
    </ClInclude>
    <ClInclude Include="..\..\..\CSL\Spatializers\Ambisonic\AmbisonicUtilities.h">
      <Filter>CSL_JUCE\CSL\Spatializers\Ambisonic</Filter>
    </ClInclude>
    <ClInclude Include="..\..\..\CSL\Spatializers\Binaural\BinauralDB.h">
      <Filter>CSL_JUCE\CSL\Spatializers\Binaural</Filter>
    </ClInclude>
    <ClInclude Include="..\..\..\CSL\Spatializers\Binaural\Binaural.h">
      <Filter>CSL_JUCE\CSL\Spatializers\Binaural</Filter>
    </ClInclude>
    <ClInclude Include="..\..\..\CSL\Instruments\Accessor.h">
      <Filter>CSL_JUCE\CSL\Instruments</Filter>
    </ClInclude>
    <ClInclude Include="..\..\..\CSL\Instruments\Instrument.h">
      <Filter>CSL_JUCE\CSL\Instruments</Filter>
    </ClInclude>
    <ClInclude Include="..\..\..\CSL\Instruments\BasicFMInstrument.h">
      <Filter>CSL_JUCE\CSL\Instruments</Filter>
    </ClInclude>
    <ClInclude Include="..\..\..\CSL\Instruments\SndFileInstrument.h">
      <Filter>CSL_JUCE\CSL\Instruments</Filter>
    </ClInclude>
    <ClInclude Include="..\..\..\CSL\Instruments\AdditiveInstrument.h">
      <Filter>CSL_JUCE\CSL\Instruments</Filter>
    </ClInclude>
    <ClInclude Include="..\..\..\CSL\IO\FileIO.h">
      <Filter>CSL_JUCE\CSL\IO</Filter>
    </ClInclude>
    <ClInclude Include="..\..\..\CSL\IO\SoundFile.h">
      <Filter>CSL_JUCE\CSL\IO</Filter>
    </ClInclude>
    <ClInclude Include="..\..\..\CSL\IO\SoundFileL.h">
      <Filter>CSL_JUCE\CSL\IO</Filter>
    </ClInclude>
    <ClInclude Include="..\..\..\CSL\IO\SoundFileJ.h">
      <Filter>CSL_JUCE\CSL\IO</Filter>
    </ClInclude>
    <ClInclude Include="..\..\..\CSL\IO\SoundFileMP3.h">
      <Filter>CSL_JUCE\CSL\IO</Filter>
    </ClInclude>
    <ClInclude Include="..\..\..\CSL\IO\MIDIIOJ.h">
      <Filter>CSL_JUCE\CSL\IO</Filter>
    </ClInclude>
    <ClInclude Include="..\..\..\CSL\IO\OSC_support.h">
      <Filter>CSL_JUCE\CSL\IO</Filter>
    </ClInclude>
    <ClInclude Include="..\..\..\CSL\IO\SoundFileCA.h">
      <Filter>CSL_JUCE\CSL\IO2</Filter>
    </ClInclude>
    <ClInclude Include="..\..\..\CSL\IO\PAIO.h">
      <Filter>CSL_JUCE\CSL\IO2</Filter>
    </ClInclude>
    <ClInclude Include="..\..\..\CSL\IO\JUCEIO.h">
      <Filter>CSL_JUCE\CSL\IO2</Filter>
    </ClInclude>
    <ClInclude Include="..\..\..\CSL\IO\iphoneIO.h">
      <Filter>CSL_JUCE\CSL\IO2</Filter>
    </ClInclude>
    <ClInclude Include="..\..\..\CSL\IO\VSTIO.h">
      <Filter>CSL_JUCE\CSL\IO2</Filter>
    </ClInclude>
    <ClInclude Include="..\..\..\CSL\IO\JackIO.h">
      <Filter>CSL_JUCE\CSL\IO2</Filter>
    </ClInclude>
    <ClInclude Include="..\..\..\CSL\IO\NullIO.h">
      <Filter>CSL_JUCE\CSL\IO2</Filter>
    </ClInclude>
    <ClInclude Include="..\..\..\CSL\IO\RemoteIO.h">
      <Filter>CSL_JUCE\CSL\IO2</Filter>
    </ClInclude>
    <ClInclude Include="..\..\..\CSL\IO\RemoteStream.h">
      <Filter>CSL_JUCE\CSL\IO2</Filter>
    </ClInclude>
    <ClInclude Include="..\..\..\CSL\Tests\Test_Support.h">
      <Filter>CSL_JUCE\CSL\Tests</Filter>
    </ClInclude>
    <ClInclude Include="..\..\..\JUCE\CSL_TestComponent.h">
      <Filter>CSL_JUCE\CSL\GUI</Filter>
    </ClInclude>
    <ClInclude Include="..\..\..\JUCE\CSL_AbstComponent.h">
      <Filter>CSL_JUCE\CSL\GUI</Filter>
    </ClInclude>
    <ClInclude Include="..\..\..\JUCE\JCSL_Widgets.h">
      <Filter>CSL_JUCE\CSL\GUI</Filter>
    </ClInclude>
    <ClInclude Include="..\..\JuceLibraryCode\AppConfig.h">
      <Filter>Juce Library Code</Filter>
    </ClInclude>
    <ClInclude Include="..\..\JuceLibraryCode\BinaryData.h">
      <Filter>Juce Library Code</Filter>
    </ClInclude>
    <ClInclude Include="..\..\JuceLibraryCode\JuceHeader.h">
      <Filter>Juce Library Code</Filter>
    </ClInclude>
  </ItemGroup>
  <ItemGroup>
    <None Include="..\..\..\CSL\Spatializers\4thFloorSpeakers.dat">
      <Filter>CSL_JUCE\CSL\Spatializers\Kernel</Filter>
    </None>
    <None Include="..\..\..\CSL\Spatializers\Speaker_layout.dat">
      <Filter>CSL_JUCE\CSL\Spatializers\Kernel</Filter>
    </None>
  </ItemGroup>
  <ItemGroup>
    <ResourceCompile Include=".\resources.rc">
      <Filter>Juce Library Code</Filter>
    </ResourceCompile>
  </ItemGroup>
</Project>
