// !$*UTF8*$!
{
	archiveVersion = 1;
	classes = {
	};
	objectVersion = 46;
	objects = {

		2283F55BB923F0D27202FB28 = { isa = PBXBuildFile; fileRef = 78454CC340A428DFD6CDE8C2; };
		2A5585D52C40F37C9CA04D4F = { isa = PBXBuildFile; fileRef = C6F3B7ABB227CF6D7352A1B8; };
		5B6F6674EF379089434BDB38 = { isa = PBXBuildFile; fileRef = 7FA08E2A0385DD6B85016C09; };
		33AD57AE675824872F1EB1A2 = { isa = PBXBuildFile; fileRef = 68EF2338DD96B770CBD500F0; };
		457D785CDE57C57F9A6C9E2E = { isa = PBXBuildFile; fileRef = C75C6AD055EB8D0C2B1E1E59; };
		086F676C548455135434D29F = { isa = PBXBuildFile; fileRef = D5FD27723F538BAF43FFF207; };
		E2719FE9FA087AD8E515ED5B = { isa = PBXBuildFile; fileRef = B34A3168B34FA3D8DC1342C9; };
		788EDE3B05B8DDEE8A901A62 = { isa = PBXBuildFile; fileRef = DC92BE418E9668CB60977994; };
		B5BC7666E2ECBDF70ADFAC11 = { isa = PBXBuildFile; fileRef = DB234F9BB24EED2DF2D77F4D; };
		049A4F080C0E76F8D6EF062C = { isa = PBXBuildFile; fileRef = 454135CB83FE76998C7A8A32; };
		ACCB26C85B53DFD2404A5579 = { isa = PBXBuildFile; fileRef = B37DD4EF9F0500943976FD44; };
		97889EF2E5D11C4CE90E378A = { isa = PBXBuildFile; fileRef = 2BC357E277A8ECD556A3D46D; };
		C73A8F384F79D43CCBD43424 = { isa = PBXBuildFile; fileRef = D8F67AFAE39D548601482E38; };
		7F96905F6EDEB0C84217463A = { isa = PBXBuildFile; fileRef = B1D34C6BBFD61BC7F6AAD8D6; };
		DB7ADE5413DB92918DB77FC3 = { isa = PBXBuildFile; fileRef = 4AE4E881C6D92B1E4557093F; };
		9E54CED84938E5BF3327B0D2 = { isa = PBXBuildFile; fileRef = 137CEE8588E03DADC1D28DA0; };
		763B4F0E79600D9CBBA7FE9D = { isa = PBXBuildFile; fileRef = 57961A62F91D1A71A140759F; };
		9D4457B96E814F2E09E5D407 = { isa = PBXBuildFile; fileRef = 4795BE10F2516A7A65446D29; };
		540E5A5A0A31ED1F5CFE1FE2 = { isa = PBXBuildFile; fileRef = 35769BC11EB2F236223D2A2C; };
		BF2A0804F200AB8DACE61329 = { isa = PBXBuildFile; fileRef = D3B0081A039ECE46D5F7C55C; };
		DAA3A8CB07D3B2991186B62E = { isa = PBXBuildFile; fileRef = 6173C7D77D2F4A2164BB9B9C; };
		F794309D3D4C14F2B2A59D39 = { isa = PBXBuildFile; fileRef = B7B8C3CF2CCB3391C91F659E; };
		FB356CDAEED42BE548B39CA0 = { isa = PBXBuildFile; fileRef = 3E86A2A867B9226994F3E0AC; };
		B6E72288916E2E2B87CD724E = { isa = PBXBuildFile; fileRef = BF1EAEECD06CE9861496B56A; };
		9EF30F494596C7DC1D70870B = { isa = PBXBuildFile; fileRef = B6A24D85D407887DC04F7E8C; };
		834124A67F56FB61B621C7C9 = { isa = PBXBuildFile; fileRef = 01AD765CB0D2645028968E5A; };
		E3F6819ABF2492CAF3DEBF60 = { isa = PBXBuildFile; fileRef = 966BA1FD0E268BEF13EA5B37; };
		EDF437188DA5FA4B07302862 = { isa = PBXBuildFile; fileRef = F347637582B9EF497BE79548; };
		204AA4079E3944C0E8610997 = { isa = PBXBuildFile; fileRef = 3F6696BA512E43ACFF10EFD8; };
		D9A47405E1698E9F3432202F = { isa = PBXBuildFile; fileRef = 4A51078FE660868661D2E744; };
		D9FDB9772135D0B9A1A1C3CA = { isa = PBXBuildFile; fileRef = EBF48D9C106A08B7CC9042F9; };
		E1E98BBF3C51ECD312897FEF = { isa = PBXBuildFile; fileRef = 895C23A968DE665A8CBF7AE4; };
		0C083DE946B630BA19739208 = { isa = PBXBuildFile; fileRef = DA2EF822AF9BAFDB5AB20C83; };
		5652F87E3879A1F300E8A5B9 = { isa = PBXBuildFile; fileRef = 039194C309E1FFF9A29793ED; };
		C3986623D451295A3E681DE5 = { isa = PBXBuildFile; fileRef = 600C6B6C91F9DDDC55DEDE1C; };
		2F3546E32B3C3075D6CE5B2E = { isa = PBXBuildFile; fileRef = DABCC7693111B6936C80D367; };
		AA2A57C487344D5FBE304483 = { isa = PBXBuildFile; fileRef = 9E0FB942CB561583AECC3F2B; };
		E0FB54285D4C02A3A2B931B9 = { isa = PBXBuildFile; fileRef = AE85D74BE97477CED7E7C616; };
		13264C75FFD4D9BDEE544CF7 = { isa = PBXBuildFile; fileRef = 3DF7EE55EDAE7890CA77A496; };
		A26F93585B2D5E079957BCB6 = { isa = PBXBuildFile; fileRef = 3EB9F72E6BD316F0F7414670; };
		AE9BE7FBD34D04E35E4FE355 = { isa = PBXBuildFile; fileRef = 1A9B9934D80DFA54985DE91F; };
		7CD268ED5E5B4D72C8A6CB75 = { isa = PBXBuildFile; fileRef = FB713134B4D0A30ABB266BE2; };
		662718E59AD4315C0DEAD04E = { isa = PBXBuildFile; fileRef = 48FEC9439EEE45F079A2368A; };
		99FDF0979C7C517403734E8E = { isa = PBXBuildFile; fileRef = 771ADA2B9A440098D90E890C; };
		B4AC5514713A33891827CD44 = { isa = PBXBuildFile; fileRef = C7341B08A143FFD4D1E73C88; };
		2D01519301875DCF30EEEB32 = { isa = PBXBuildFile; fileRef = 83F0E0DEE7EA67940F4F571B; };
		ECC85D0405A43DC3E38EE846 = { isa = PBXBuildFile; fileRef = B07D8D1FA9ABEDD4998536FB; };
		91A4DBC42A57B8AA2DB037FD = { isa = PBXBuildFile; fileRef = 0535FD97D77645557F260D83; };
		F023E8998AC7314BD8C42A87 = { isa = PBXBuildFile; fileRef = C2989BDB8562E7608ED8BF03; };
		02FE1F1ABB555B7A95B55936 = { isa = PBXBuildFile; fileRef = 103CBDDE0767FC2B2A1324D4; };
		F2E0CBFE2068B9B4657B2441 = { isa = PBXBuildFile; fileRef = 1F7EADC3930A25F112C30ECA; };
		592D79E2B7C12C1C43924356 = { isa = PBXBuildFile; fileRef = 88551CE12D48E13BAB2B2819; };
		A8DABD83E90C32D0B47A4DEC = { isa = PBXBuildFile; fileRef = E204DCF578590833838688ED; };
		6B4B1F4517C54B987E749C1C = { isa = PBXBuildFile; fileRef = 502A4EE39A882445C029C016; };
		45B8B21C99EB1BBDA9D28C70 = { isa = PBXBuildFile; fileRef = CB57B85DDFC730DD5372A459; };
		900C69B21E445D5C8FBD8171 = { isa = PBXBuildFile; fileRef = 022F4B4D66123CB0E4649497; };
		7FEDEBE816963E9531CAFADA = { isa = PBXBuildFile; fileRef = A1B0567BBC0F62557D8C53B4; };
		01DED9E03C1D987C7798162F = { isa = PBXBuildFile; fileRef = 51596BDE2A8028E1C1F2653A; };
		B33ACA71D1D38F6A92BB70B2 = { isa = PBXBuildFile; fileRef = 8CE03E8F131EDD260DC0F0F4; };
		B5C4DA848EEFE12B71C104AC = { isa = PBXBuildFile; fileRef = 761D9F5BD1E0D7D0F3CEC3D6; };
		BA74ABF8F2E8F8DC9E223E19 = { isa = PBXBuildFile; fileRef = D5D8705CB48D11077F818B11; };
		3A641FC8DB2939D1E3B25E0A = { isa = PBXBuildFile; fileRef = 00632E0A26510E9AED3B0E01; };
		ADAC17DA75220C132203D0A3 = { isa = PBXBuildFile; fileRef = A81778720A952477669830A1; };
		00632E0A26510E9AED3B0E01 = { isa = PBXFileReference; lastKnownFileType = sourcecode.cpp.cpp; name = Main.cpp; path = ../../../JUCE/Main.cpp; sourceTree = "SOURCE_ROOT"; };
		01AD765CB0D2645028968E5A = { isa = PBXFileReference; lastKnownFileType = sourcecode.cpp.cpp; name = FIR.cpp; path = ../../../CSL/Processors/FIR.cpp; sourceTree = "SOURCE_ROOT"; };
		022F4B4D66123CB0E4649497 = { isa = PBXFileReference; lastKnownFileType = sourcecode.cpp.cpp; name = "Test_Effects.cpp"; path = "../../../CSL/Tests/Test_Effects.cpp"; sourceTree = "SOURCE_ROOT"; };
		02FDB470B5EB6D47243DF104 = { isa = PBXFileReference; lastKnownFileType = sourcecode.c.h; name = BasicFMInstrument.h; path = ../../../CSL/Instruments/BasicFMInstrument.h; sourceTree = "SOURCE_ROOT"; };
		039194C309E1FFF9A29793ED = { isa = PBXFileReference; lastKnownFileType = sourcecode.cpp.cpp; name = DistanceSimulator.cpp; path = ../../../CSL/Spatializers/DistanceSimulator.cpp; sourceTree = "SOURCE_ROOT"; };
		03A324DEF6B8E94BD41CAD64 = { isa = PBXFileReference; lastKnownFileType = sourcecode.c.h; name = VSTIO.h; path = ../../../CSL/IO/VSTIO.h; sourceTree = "SOURCE_ROOT"; };
		0535FD97D77645557F260D83 = { isa = PBXFileReference; lastKnownFileType = sourcecode.cpp.cpp; name = FileIO.cpp; path = ../../../CSL/IO/FileIO.cpp; sourceTree = "SOURCE_ROOT"; };
		06A801BF464F90F39C5B5904 = { isa = PBXFileReference; lastKnownFileType = sourcecode.c.h; name = Ambisonic.h; path = ../../../CSL/Spatializers/Ambisonic/Ambisonic.h; sourceTree = "SOURCE_ROOT"; };
		0CB6B6FED467DB7C3BA7478A = { isa = PBXFileReference; lastKnownFileType = sourcecode.c.h; name = AmbisonicUtilities.h; path = ../../../CSL/Spatializers/Ambisonic/AmbisonicUtilities.h; sourceTree = "SOURCE_ROOT"; };
		103CBDDE0767FC2B2A1324D4 = { isa = PBXFileReference; lastKnownFileType = sourcecode.cpp.cpp; name = SoundFileJ.cpp; path = ../../../CSL/IO/SoundFileJ.cpp; sourceTree = "SOURCE_ROOT"; };
		12D239B43589E791FD846BD5 = { isa = PBXFileReference; lastKnownFileType = sourcecode.c.h; name = Binaural.h; path = ../../../CSL/Spatializers/Binaural/Binaural.h; sourceTree = "SOURCE_ROOT"; };
		137CEE8588E03DADC1D28DA0 = { isa = PBXFileReference; lastKnownFileType = sourcecode.cpp.cpp; name = Spectral.cpp; path = ../../../CSL/Sources/Spectral.cpp; sourceTree = "SOURCE_ROOT"; };
		13FA3D2FBB98E0B82AB75CF3 = { isa = PBXFileReference; lastKnownFileType = sourcecode.c.h; name = BlockResizer.h; path = ../../../CSL/Utilities/BlockResizer.h; sourceTree = "SOURCE_ROOT"; };
		141FC5FA25601E158C9AE01E = { isa = PBXFileReference; lastKnownFileType = sourcecode.c.h; name = SoundFileL.h; path = ../../../CSL/IO/SoundFileL.h; sourceTree = "SOURCE_ROOT"; };
		14230ABCF0262169DDDF89A9 = { isa = PBXFileReference; lastKnownFileType = sourcecode.cpp.cpp; name = NullIO.cpp; path = ../../../CSL/IO/NullIO.cpp; sourceTree = "SOURCE_ROOT"; };
		158B63A000BBDEC49B3DE6BB = { isa = PBXFileReference; lastKnownFileType = sourcecode.c.h; name = SoundFile.h; path = ../../../CSL/IO/SoundFile.h; sourceTree = "SOURCE_ROOT"; };
		15AB391B6D2A389257C24354 = { isa = PBXFileReference; lastKnownFileType = sourcecode.cpp.cpp; name = JackIO.cpp; path = ../../../CSL/IO/JackIO.cpp; sourceTree = "SOURCE_ROOT"; };
		1A9B9934D80DFA54985DE91F = { isa = PBXFileReference; lastKnownFileType = sourcecode.cpp.cpp; name = AmbisonicUtilities.cpp; path = ../../../CSL/Spatializers/Ambisonic/AmbisonicUtilities.cpp; sourceTree = "SOURCE_ROOT"; };
		1C015FC46EFB5ABC537863EE = { isa = PBXFileReference; lastKnownFileType = sourcecode.c.h; name = "CSL_TestComponent.h"; path = "../../../JUCE/CSL_TestComponent.h"; sourceTree = "SOURCE_ROOT"; };
		1C62233805CF42900DD05401 = { isa = PBXFileReference; lastKnownFileType = sourcecode.c.h; name = FileIO.h; path = ../../../CSL/IO/FileIO.h; sourceTree = "SOURCE_ROOT"; };
		1C82EB63798383016FECC4BA = { isa = PBXFileReference; lastKnownFileType = sourcecode.c.h; name = Oscillator.h; path = ../../../CSL/Sources/Oscillator.h; sourceTree = "SOURCE_ROOT"; };
		1CBCD69593CD66DAE2FFA189 = { isa = PBXFileReference; lastKnownFileType = sourcecode.c.h; name = OscillatorBL.h; path = ../../../CSL/Sources/OscillatorBL.h; sourceTree = "SOURCE_ROOT"; };
		1F7EADC3930A25F112C30ECA = { isa = PBXFileReference; lastKnownFileType = sourcecode.cpp.cpp; name = "OSC_support.cpp"; path = "../../../CSL/IO/OSC_support.cpp"; sourceTree = "SOURCE_ROOT"; };
		1F9F7BC0C29C2EAAB288BEEF = { isa = PBXFileReference; lastKnownFileType = sourcecode.c.h; name = SpatialAudio.h; path = ../../../CSL/Spatializers/SpatialAudio.h; sourceTree = "SOURCE_ROOT"; };
		22A13D1848743E8EAB738765 = { isa = PBXFileReference; explicitFileType = wrapper.application; includeInIndex = 0; path = "CSL_Demo.app"; sourceTree = "BUILT_PRODUCTS_DIR"; };
		239099603F379B8306B46227 = { isa = PBXFileReference; lastKnownFileType = sourcecode.c.h; name = SimplePanner.h; path = ../../../CSL/Spatializers/SimplePanner.h; sourceTree = "SOURCE_ROOT"; };
		24127BE623A0BA4D092C8164 = { isa = PBXFileReference; lastKnownFileType = sourcecode.c.h; name = "CSL_AbstComponent.h"; path = "../../../JUCE/CSL_AbstComponent.h"; sourceTree = "SOURCE_ROOT"; };
		2778AEFB57B874902AD01742 = { isa = PBXFileReference; lastKnownFileType = sourcecode.c.h; name = ThreadUtilities.h; path = ../../../CSL/Utilities/ThreadUtilities.h; sourceTree = "SOURCE_ROOT"; };
		2BC357E277A8ECD556A3D46D = { isa = PBXFileReference; lastKnownFileType = sourcecode.cpp.cpp; name = Envelope.cpp; path = ../../../CSL/Sources/Envelope.cpp; sourceTree = "SOURCE_ROOT"; };
		2FB2A2E88EDD16635F3231EE = { isa = PBXFileReference; lastKnownFileType = file.dat; name = "Speaker_layout.dat"; path = "../../../CSL/Spatializers/Speaker_layout.dat"; sourceTree = "SOURCE_ROOT"; };
		2FF18B4374356CF74242F79A = { isa = PBXFileReference; lastKnownFileType = sourcecode.c.h; name = AdditiveInstrument.h; path = ../../../CSL/Instruments/AdditiveInstrument.h; sourceTree = "SOURCE_ROOT"; };
		309A11655872C6950806C8D6 = { isa = PBXFileReference; lastKnownFileType = sourcecode.c.h; name = SoundFileJ.h; path = ../../../CSL/IO/SoundFileJ.h; sourceTree = "SOURCE_ROOT"; };
		35490661AAF8F09892407F1A = { isa = PBXFileReference; lastKnownFileType = sourcecode.cpp.cpp; name = SoundFileMP3.cpp; path = ../../../CSL/IO/SoundFileMP3.cpp; sourceTree = "SOURCE_ROOT"; };
		356D83A84E1480605D1632B4 = { isa = PBXFileReference; lastKnownFileType = sourcecode.c.h; name = NullIO.h; path = ../../../CSL/IO/NullIO.h; sourceTree = "SOURCE_ROOT"; };
		35769BC11EB2F236223D2A2C = { isa = PBXFileReference; lastKnownFileType = sourcecode.cpp.cpp; name = Granulator.cpp; path = ../../../CSL/Sources/Granulator.cpp; sourceTree = "SOURCE_ROOT"; };
		371B3A5FD264F1BFFF9EAF21 = { isa = PBXFileReference; lastKnownFileType = sourcecode.c.h; name = iphoneIO.h; path = ../../../CSL/IO/iphoneIO.h; sourceTree = "SOURCE_ROOT"; };
		3944BC54A5A809F38A2BE65E = { isa = PBXFileReference; lastKnownFileType = sourcecode.c.h; name = matrix.hpp; path = ../../../CSL/Spatializers/matrix.hpp; sourceTree = "SOURCE_ROOT"; };
		3BAFD52694761266D4EE3854 = { isa = PBXFileReference; lastKnownFileType = sourcecode.c.h; name = VBAP.h; path = ../../../CSL/Spatializers/VBAP/VBAP.h; sourceTree = "SOURCE_ROOT"; };
		3D705BF8C800190F2D580658 = { isa = PBXFileReference; lastKnownFileType = sourcecode.cpp.cpp; name = Main.cpp; path = ../../Source/Main.cpp; sourceTree = "SOURCE_ROOT"; };
		3DF7EE55EDAE7890CA77A496 = { isa = PBXFileReference; lastKnownFileType = sourcecode.cpp.cpp; name = Ambisonic.cpp; path = ../../../CSL/Spatializers/Ambisonic/Ambisonic.cpp; sourceTree = "SOURCE_ROOT"; };
		3E86A2A867B9226994F3E0AC = { isa = PBXFileReference; lastKnownFileType = sourcecode.cpp.cpp; name = BinaryOp.cpp; path = ../../../CSL/Processors/BinaryOp.cpp; sourceTree = "SOURCE_ROOT"; };
		3EB9F72E6BD316F0F7414670 = { isa = PBXFileReference; lastKnownFileType = sourcecode.cpp.cpp; name = AmbisonicPanner.cpp; path = ../../../CSL/Spatializers/Ambisonic/AmbisonicPanner.cpp; sourceTree = "SOURCE_ROOT"; };
		3F6696BA512E43ACFF10EFD8 = { isa = PBXFileReference; lastKnownFileType = sourcecode.cpp.cpp; name = Clipper.cpp; path = ../../../CSL/Processors/Clipper.cpp; sourceTree = "SOURCE_ROOT"; };
		4006579D6B1C7E15503B9C9F = { isa = PBXFileReference; lastKnownFileType = sourcecode.c.h; name = RemoteStream.h; path = ../../../CSL/IO/RemoteStream.h; sourceTree = "SOURCE_ROOT"; };
		41CD7661E8BCA7A877FECC1E = { isa = PBXFileReference; lastKnownFileType = sourcecode.c.h; name = SoundFileMP3.h; path = ../../../CSL/IO/SoundFileMP3.h; sourceTree = "SOURCE_ROOT"; };
		454135CB83FE76998C7A8A32 = { isa = PBXFileReference; lastKnownFileType = sourcecode.cpp.cpp; name = BlockResizer.cpp; path = ../../../CSL/Utilities/BlockResizer.cpp; sourceTree = "SOURCE_ROOT"; };
		4713AFDF32E5727B90C7BE92 = { isa = PBXFileReference; lastKnownFileType = sourcecode.cpp.cpp; name = RemoteIO.cpp; path = ../../../CSL/IO/RemoteIO.cpp; sourceTree = "SOURCE_ROOT"; };
		4795BE10F2516A7A65446D29 = { isa = PBXFileReference; lastKnownFileType = sourcecode.cpp.cpp; name = KarplusString.cpp; path = ../../../CSL/Sources/KarplusString.cpp; sourceTree = "SOURCE_ROOT"; };
		48FEC9439EEE45F079A2368A = { isa = PBXFileReference; lastKnownFileType = sourcecode.cpp.cpp; name = Binaural.cpp; path = ../../../CSL/Spatializers/Binaural/Binaural.cpp; sourceTree = "SOURCE_ROOT"; };
		4A51078FE660868661D2E744 = { isa = PBXFileReference; lastKnownFileType = sourcecode.cpp.cpp; name = SpatialSource.cpp; path = ../../../CSL/Spatializers/SpatialSource.cpp; sourceTree = "SOURCE_ROOT"; };
		4ADBC13E31F42756E9E4F0D2 = { isa = PBXFileReference; lastKnownFileType = sourcecode.cpp.cpp; name = JUCEIO.cpp; path = ../../../CSL/IO/JUCEIO.cpp; sourceTree = "SOURCE_ROOT"; };
		4AE4E881C6D92B1E4557093F = { isa = PBXFileReference; lastKnownFileType = sourcecode.cpp.cpp; name = Oscillator.cpp; path = ../../../CSL/Sources/Oscillator.cpp; sourceTree = "SOURCE_ROOT"; };
		4B3824AEE80157842F303AEA = { isa = PBXFileReference; lastKnownFileType = sourcecode.c.h; name = SoundFileCA.h; path = ../../../CSL/IO/SoundFileCA.h; sourceTree = "SOURCE_ROOT"; };
		4FFA4318747D40DC921782F1 = { isa = PBXFileReference; lastKnownFileType = sourcecode.c.h; name = "OSC_support.h"; path = "../../../CSL/IO/OSC_support.h"; sourceTree = "SOURCE_ROOT"; };
		502A4EE39A882445C029C016 = { isa = PBXFileReference; lastKnownFileType = sourcecode.cpp.cpp; name = "Test_Sources.cpp"; path = "../../../CSL/Tests/Test_Sources.cpp"; sourceTree = "SOURCE_ROOT"; };
		51596BDE2A8028E1C1F2653A = { isa = PBXFileReference; lastKnownFileType = sourcecode.cpp.cpp; name = "Test_Control.cpp"; path = "../../../CSL/Tests/Test_Control.cpp"; sourceTree = "SOURCE_ROOT"; };
		553FBB02C7CD11A02F827C75 = { isa = PBXFileReference; lastKnownFileType = sourcecode.c.h; name = "FFT_Wrapper.h"; path = "../../../CSL/Utilities/FFT_Wrapper.h"; sourceTree = "SOURCE_ROOT"; };
		57961A62F91D1A71A140759F = { isa = PBXFileReference; lastKnownFileType = sourcecode.cpp.cpp; name = SHARC.cpp; path = ../../../CSL/Sources/SHARC.cpp; sourceTree = "SOURCE_ROOT"; };
		595587717240D20B2803FAE5 = { isa = PBXFileReference; lastKnownFileType = sourcecode.c.h; name = PAIO.h; path = ../../../CSL/IO/PAIO.h; sourceTree = "SOURCE_ROOT"; };
		59A22A5B283BAE86DAABB971 = { isa = PBXFileReference; lastKnownFileType = sourcecode.c.h; name = Freeverb.h; path = ../../../CSL/Processors/Freeverb.h; sourceTree = "SOURCE_ROOT"; };
		600C6B6C91F9DDDC55DEDE1C = { isa = PBXFileReference; lastKnownFileType = sourcecode.cpp.cpp; name = SpeakerLayout.cpp; path = ../../../CSL/Spatializers/SpeakerLayout.cpp; sourceTree = "SOURCE_ROOT"; };
		6079FED9628AC2E72E1DFD3D = { isa = PBXFileReference; lastKnownFileType = sourcecode.c.h; name = BinaryOp.h; path = ../../../CSL/Processors/BinaryOp.h; sourceTree = "SOURCE_ROOT"; };
		6173C7D77D2F4A2164BB9B9C = { isa = PBXFileReference; lastKnownFileType = sourcecode.cpp.cpp; name = OscillatorBL.cpp; path = ../../../CSL/Sources/OscillatorBL.cpp; sourceTree = "SOURCE_ROOT"; };
		63695F663681E4E04A9FF2FF = { isa = PBXFileReference; lastKnownFileType = sourcecode.c.h; name = AmbisonicPanner.h; path = ../../../CSL/Spatializers/Ambisonic/AmbisonicPanner.h; sourceTree = "SOURCE_ROOT"; };
		63D4154B6861C668E469D854 = { isa = PBXFileReference; lastKnownFileType = sourcecode.c.h; name = Accessor.h; path = ../../../CSL/Instruments/Accessor.h; sourceTree = "SOURCE_ROOT"; };
		66B7EA89D5101281DF6E3D75 = { isa = PBXFileReference; lastKnownFileType = sourcecode.c.h; name = SpatialSource.h; path = ../../../CSL/Spatializers/SpatialSource.h; sourceTree = "SOURCE_ROOT"; };
		68EF2338DD96B770CBD500F0 = { isa = PBXFileReference; lastKnownFileType = sourcecode.cpp.cpp; name = "FFT_Wrapper.cpp"; path = "../../../CSL/Utilities/FFT_Wrapper.cpp"; sourceTree = "SOURCE_ROOT"; };
		6A7212D0761C633DB41FCF27 = { isa = PBXFileReference; lastKnownFileType = sourcecode.c.h; name = FIR.h; path = ../../../CSL/Processors/FIR.h; sourceTree = "SOURCE_ROOT"; };
		7044B324BDD5FDA760F23549 = { isa = PBXFileReference; lastKnownFileType = sourcecode.cpp.cpp; name = "CSL_AbstComponent.cpp"; path = "../../../JUCE/CSL_AbstComponent.cpp"; sourceTree = "SOURCE_ROOT"; };
		759D29C248281ADE43B86843 = { isa = PBXFileReference; lastKnownFileType = sourcecode.c.h; name = SpeakerLayout.h; path = ../../../CSL/Spatializers/SpeakerLayout.h; sourceTree = "SOURCE_ROOT"; };
		761D9F5BD1E0D7D0F3CEC3D6 = { isa = PBXFileReference; lastKnownFileType = sourcecode.cpp.cpp; name = "CSL_TestComponent.cpp"; path = "../../../JUCE/CSL_TestComponent.cpp"; sourceTree = "SOURCE_ROOT"; };
		771ADA2B9A440098D90E890C = { isa = PBXFileReference; lastKnownFileType = sourcecode.cpp.cpp; name = Instrument.cpp; path = ../../../CSL/Instruments/Instrument.cpp; sourceTree = "SOURCE_ROOT"; };
		78454CC340A428DFD6CDE8C2 = { isa = PBXFileReference; lastKnownFileType = file.nib; name = RecentFilesMenuTemplate.nib; path = RecentFilesMenuTemplate.nib; sourceTree = "SOURCE_ROOT"; };
		788F5A1AD942DBA7CBABDF9D = { isa = PBXFileReference; lastKnownFileType = sourcecode.cpp.cpp; name = MIDIIOJ.cpp; path = ../../../CSL/IO/MIDIIOJ.cpp; sourceTree = "SOURCE_ROOT"; };
		78A9001B3F06604B9EF7F3DB = { isa = PBXFileReference; lastKnownFileType = sourcecode.c.h; name = "Test_Support.h"; path = "../../../CSL/Tests/Test_Support.h"; sourceTree = "SOURCE_ROOT"; };
		78DEE7E2AC8AC8920C67B1EC = { isa = PBXFileReference; lastKnownFileType = sourcecode.c.h; name = SpatialPanner.h; path = ../../../CSL/Spatializers/SpatialPanner.h; sourceTree = "SOURCE_ROOT"; };
		7906A33794CD43BF72EAB720 = { isa = PBXFileReference; lastKnownFileType = sourcecode.c.h; name = "CSL_Types.h"; path = "../../../CSL/Kernel/CSL_Types.h"; sourceTree = "SOURCE_ROOT"; };
		7A483ACC0682F3F706AE7D7A = { isa = PBXFileReference; lastKnownFileType = sourcecode.c.h; name = FFTReal.h; path = ../../../CSL/Utilities/FFTReal.h; sourceTree = "SOURCE_ROOT"; };
		7C2DA073D9758DF6F3DA4F7F = { isa = PBXFileReference; lastKnownFileType = file.dat; name = 4thFloorSpeakers.dat; path = ../../../CSL/Spatializers/4thFloorSpeakers.dat; sourceTree = "SOURCE_ROOT"; };
		7C664EBF1613CED74FEA792C = { isa = PBXFileReference; lastKnownFileType = sourcecode.cpp.cpp; name = SoundFileCA.cpp; path = ../../../CSL/IO/SoundFileCA.cpp; sourceTree = "SOURCE_ROOT"; };
		7FA08E2A0385DD6B85016C09 = { isa = PBXFileReference; lastKnownFileType = sourcecode.cpp.cpp; name = CGestalt.cpp; path = ../../../CSL/Kernel/CGestalt.cpp; sourceTree = "SOURCE_ROOT"; };
		83F0E0DEE7EA67940F4F571B = { isa = PBXFileReference; lastKnownFileType = sourcecode.cpp.cpp; name = SndFileInstrument.cpp; path = ../../../CSL/Instruments/SndFileInstrument.cpp; sourceTree = "SOURCE_ROOT"; };
		87AE04D8286898B5A7AB9441 = { isa = PBXFileReference; lastKnownFileType = sourcecode.c.h; name = RemoteIO.h; path = ../../../CSL/IO/RemoteIO.h; sourceTree = "SOURCE_ROOT"; };
		88551CE12D48E13BAB2B2819 = { isa = PBXFileReference; lastKnownFileType = sourcecode.cpp.cpp; name = "Test_Support.cpp"; path = "../../../CSL/Tests/Test_Support.cpp"; sourceTree = "SOURCE_ROOT"; };
		895C23A968DE665A8CBF7AE4 = { isa = PBXFileReference; lastKnownFileType = sourcecode.cpp.cpp; name = SpatialPanner.cpp; path = ../../../CSL/Spatializers/SpatialPanner.cpp; sourceTree = "SOURCE_ROOT"; };
		8A850E77EEEAB2D2FC42749E = { isa = PBXFileReference; lastKnownFileType = sourcecode.c.h; name = RingBuffer.h; path = ../../../CSL/Utilities/RingBuffer.h; sourceTree = "SOURCE_ROOT"; };
		8B3CB8331E38CED3DB6C5432 = { isa = PBXFileReference; lastKnownFileType = sourcecode.c.h; name = KarplusString.h; path = ../../../CSL/Sources/KarplusString.h; sourceTree = "SOURCE_ROOT"; };
		8C94BEBEC7532EBD40E354F2 = { isa = PBXFileReference; lastKnownFileType = sourcecode.c.h; name = JackIO.h; path = ../../../CSL/IO/JackIO.h; sourceTree = "SOURCE_ROOT"; };
		8CE03E8F131EDD260DC0F0F4 = { isa = PBXFileReference; lastKnownFileType = sourcecode.cpp.cpp; name = "Test_Audio.cpp"; path = "../../../CSL/Tests/Test_Audio.cpp"; sourceTree = "SOURCE_ROOT"; };
		91DB20894DE8950376D567EE = { isa = PBXFileReference; lastKnownFileType = sourcecode.c.h; name = JUCEIO.h; path = ../../../CSL/IO/JUCEIO.h; sourceTree = "SOURCE_ROOT"; };
		9341399A8F9E3B0A4F2582E0 = { isa = PBXFileReference; lastKnownFileType = sourcecode.cpp.cpp; name = "Test_OSC_Client.cpp"; path = "../../../CSL/Tests/OSC/Test_OSC_Client.cpp"; sourceTree = "SOURCE_ROOT"; };
		95B01A1AD5F58F90B1F472D4 = { isa = PBXFileReference; lastKnownFileType = sourcecode.c.h; name = Mixer.h; path = ../../../CSL/Processors/Mixer.h; sourceTree = "SOURCE_ROOT"; };
		95B7E22194F0301722F2902C = { isa = PBXFileReference; lastKnownFileType = sourcecode.c.h; name = Variable.h; path = ../../../CSL/Utilities/Variable.h; sourceTree = "SOURCE_ROOT"; };
		966BA1FD0E268BEF13EA5B37 = { isa = PBXFileReference; lastKnownFileType = sourcecode.cpp.cpp; name = Freeverb.cpp; path = ../../../CSL/Processors/Freeverb.cpp; sourceTree = "SOURCE_ROOT"; };
		99980C2ABAE26F08132A5E63 = { isa = PBXFileReference; lastKnownFileType = sourcecode.c.h; name = DistanceSimulator.h; path = ../../../CSL/Spatializers/DistanceSimulator.h; sourceTree = "SOURCE_ROOT"; };
		9C08154FF335AF1AF272F43D = { isa = PBXFileReference; lastKnownFileType = sourcecode.c.h; name = JuceHeader.h; path = ../../JuceLibraryCode/JuceHeader.h; sourceTree = "SOURCE_ROOT"; };
		9DB1205773EE98746A7BA2EA = { isa = PBXFileReference; lastKnownFileType = text.plist.xml; name = Info.plist; path = Info.plist; sourceTree = "SOURCE_ROOT"; };
		9E0FB942CB561583AECC3F2B = { isa = PBXFileReference; lastKnownFileType = sourcecode.cpp.cpp; name = PracticalSocket.cpp; path = ../../../CSL/Spatializers/VBAP/PracticalSocket.cpp; sourceTree = "SOURCE_ROOT"; };
		A1B0567BBC0F62557D8C53B4 = { isa = PBXFileReference; lastKnownFileType = sourcecode.cpp.cpp; name = "Test_Panners.cpp"; path = "../../../CSL/Tests/Test_Panners.cpp"; sourceTree = "SOURCE_ROOT"; };
		A21349414E81C8145D86CBEA = { isa = PBXFileReference; lastKnownFileType = sourcecode.c.h; name = PracticalSocket.h; path = ../../../CSL/Spatializers/VBAP/PracticalSocket.h; sourceTree = "SOURCE_ROOT"; };
		A3B8DD09A017CF46C5D5350E = { isa = PBXFileReference; lastKnownFileType = sourcecode.c.h; name = SndFileInstrument.h; path = ../../../CSL/Instruments/SndFileInstrument.h; sourceTree = "SOURCE_ROOT"; };
		A466C214FC2D52E5B932556D = { isa = PBXFileReference; lastKnownFileType = sourcecode.c.h; name = Window.h; path = ../../../CSL/Sources/Window.h; sourceTree = "SOURCE_ROOT"; };
		A6AE147152404C26FEF463AA = { isa = PBXFileReference; lastKnownFileType = sourcecode.c.h; name = InOut.h; path = ../../../CSL/Processors/InOut.h; sourceTree = "SOURCE_ROOT"; };
		A81778720A952477669830A1 = { isa = PBXFileReference; lastKnownFileType = sourcecode.cpp.cpp; name = BinaryData.cpp; path = ../../JuceLibraryCode/BinaryData.cpp; sourceTree = "SOURCE_ROOT"; };
		A90545F5BD01C3D6B285143F = { isa = PBXFileReference; lastKnownFileType = sourcecode.cpp.cpp; name = iphoneIO.cpp; path = ../../../CSL/IO/iphoneIO.cpp; sourceTree = "SOURCE_ROOT"; };
		A9B2DDA1775835FAEE20711A = { isa = PBXFileReference; lastKnownFileType = sourcecode.c.h; name = SHARC.h; path = ../../../CSL/Sources/SHARC.h; sourceTree = "SOURCE_ROOT"; };
		AD1E41F37BEEF362DE938C61 = { isa = PBXFileReference; lastKnownFileType = sourcecode.c.h; name = Granulator.h; path = ../../../CSL/Sources/Granulator.h; sourceTree = "SOURCE_ROOT"; };
		AE85D74BE97477CED7E7C616 = { isa = PBXFileReference; lastKnownFileType = sourcecode.cpp.cpp; name = VBAP.cpp; path = ../../../CSL/Spatializers/VBAP/VBAP.cpp; sourceTree = "SOURCE_ROOT"; };
		B07D8D1FA9ABEDD4998536FB = { isa = PBXFileReference; lastKnownFileType = sourcecode.cpp.cpp; name = AdditiveInstrument.cpp; path = ../../../CSL/Instruments/AdditiveInstrument.cpp; sourceTree = "SOURCE_ROOT"; };
		B1D34C6BBFD61BC7F6AAD8D6 = { isa = PBXFileReference; lastKnownFileType = sourcecode.cpp.cpp; name = SimpleSines.cpp; path = ../../../CSL/Sources/SimpleSines.cpp; sourceTree = "SOURCE_ROOT"; };
		B34A3168B34FA3D8DC1342C9 = { isa = PBXFileReference; lastKnownFileType = sourcecode.cpp.cpp; name = Variable.cpp; path = ../../../CSL/Utilities/Variable.cpp; sourceTree = "SOURCE_ROOT"; };
		B37DD4EF9F0500943976FD44 = { isa = PBXFileReference; lastKnownFileType = sourcecode.cpp.cpp; name = Window.cpp; path = ../../../CSL/Sources/Window.cpp; sourceTree = "SOURCE_ROOT"; };
		B3934A1855EB62891E02A566 = { isa = PBXFileReference; lastKnownFileType = sourcecode.c.h; name = Instrument.h; path = ../../../CSL/Instruments/Instrument.h; sourceTree = "SOURCE_ROOT"; };
		B5D91CAB6FE8701A83760EA0 = { isa = PBXFileReference; lastKnownFileType = sourcecode.c.h; name = CGestalt.h; path = ../../../CSL/Kernel/CGestalt.h; sourceTree = "SOURCE_ROOT"; };
		B6A24D85D407887DC04F7E8C = { isa = PBXFileReference; lastKnownFileType = sourcecode.cpp.cpp; name = Filters.cpp; path = ../../../CSL/Processors/Filters.cpp; sourceTree = "SOURCE_ROOT"; };
		B6E56D2201404BDFB6F856B2 = { isa = PBXFileReference; lastKnownFileType = sourcecode.c.h; name = "CSL_Includes.h"; path = "../../../CSL/Kernel/CSL_Includes.h"; sourceTree = "SOURCE_ROOT"; };
		B7B8C3CF2CCB3391C91F659E = { isa = PBXFileReference; lastKnownFileType = sourcecode.cpp.cpp; name = WaveShaper.cpp; path = ../../../CSL/Sources/WaveShaper.cpp; sourceTree = "SOURCE_ROOT"; };
		BC9269B53F49017BEFA26B99 = { isa = PBXFileReference; lastKnownFileType = sourcecode.c.h; name = Envelope.h; path = ../../../CSL/Sources/Envelope.h; sourceTree = "SOURCE_ROOT"; };
		BF1EAEECD06CE9861496B56A = { isa = PBXFileReference; lastKnownFileType = sourcecode.cpp.cpp; name = Mixer.cpp; path = ../../../CSL/Processors/Mixer.cpp; sourceTree = "SOURCE_ROOT"; };
		C0F069534C0F8E761C0A553A = { isa = PBXFileReference; lastKnownFileType = sourcecode.cpp.cpp; name = RemoteStream.cpp; path = ../../../CSL/IO/RemoteStream.cpp; sourceTree = "SOURCE_ROOT"; };
		C2989BDB8562E7608ED8BF03 = { isa = PBXFileReference; lastKnownFileType = sourcecode.cpp.cpp; name = SoundFile.cpp; path = ../../../CSL/IO/SoundFile.cpp; sourceTree = "SOURCE_ROOT"; };
		C4EF2CBDE89758EE07F781EB = { isa = PBXFileReference; lastKnownFileType = sourcecode.c.h; name = MIDIIOJ.h; path = ../../../CSL/IO/MIDIIOJ.h; sourceTree = "SOURCE_ROOT"; };
		C6F3B7ABB227CF6D7352A1B8 = { isa = PBXFileReference; lastKnownFileType = sourcecode.cpp.cpp; name = "CSL_Core.cpp"; path = "../../../CSL/Kernel/CSL_Core.cpp"; sourceTree = "SOURCE_ROOT"; };
		C7341B08A143FFD4D1E73C88 = { isa = PBXFileReference; lastKnownFileType = sourcecode.cpp.cpp; name = BasicFMInstrument.cpp; path = ../../../CSL/Instruments/BasicFMInstrument.cpp; sourceTree = "SOURCE_ROOT"; };
		C75C6AD055EB8D0C2B1E1E59 = { isa = PBXFileReference; lastKnownFileType = sourcecode.cpp.cpp; name = FFTReal.cpp; path = ../../../CSL/Utilities/FFTReal.cpp; sourceTree = "SOURCE_ROOT"; };
		C808E1950C06A6E17DCC903A = { isa = PBXFileReference; lastKnownFileType = sourcecode.cpp.cpp; name = SoundFileL.cpp; path = ../../../CSL/IO/SoundFileL.cpp; sourceTree = "SOURCE_ROOT"; };
		CA54B316A22F3B0E3518F8A5 = { isa = PBXFileReference; lastKnownFileType = sourcecode.c.h; name = Lorenz.h; path = ../../../CSL/Sources/Lorenz.h; sourceTree = "SOURCE_ROOT"; };
		CAFDE5F71C9B21993695F66A = { isa = PBXFileReference; lastKnownFileType = sourcecode.c.h; name = "CSL_Exceptions.h"; path = "../../../CSL/Kernel/CSL_Exceptions.h"; sourceTree = "SOURCE_ROOT"; };
		CB57B85DDFC730DD5372A459 = { isa = PBXFileReference; lastKnownFileType = sourcecode.cpp.cpp; name = "Test_Envelopes.cpp"; path = "../../../CSL/Tests/Test_Envelopes.cpp"; sourceTree = "SOURCE_ROOT"; };
		CC3A16A9F8273B1C7EBCF3BC = { isa = PBXFileReference; lastKnownFileType = sourcecode.cpp.cpp; name = VSTIO.cpp; path = ../../../CSL/IO/VSTIO.cpp; sourceTree = "SOURCE_ROOT"; };
		CCD4C01E59E94CB548039289 = { isa = PBXFileReference; lastKnownFileType = sourcecode.c.h; name = Noise.h; path = ../../../CSL/Sources/Noise.h; sourceTree = "SOURCE_ROOT"; };
		CD0B3257090ECE4F57DB41F8 = { isa = PBXFileReference; lastKnownFileType = sourcecode.c.h; name = "JCSL_Widgets.h"; path = "../../../JUCE/JCSL_Widgets.h"; sourceTree = "SOURCE_ROOT"; };
		CD63C6DDB0002C9DEAD2DEC0 = { isa = PBXFileReference; lastKnownFileType = sourcecode.c.h; name = Filters.h; path = ../../../CSL/Processors/Filters.h; sourceTree = "SOURCE_ROOT"; };
		CEBD61644F17B39DC9B9EBC3 = { isa = PBXFileReference; lastKnownFileType = sourcecode.c.h; name = WaveShaper.h; path = ../../../CSL/Sources/WaveShaper.h; sourceTree = "SOURCE_ROOT"; };
		D3B0081A039ECE46D5F7C55C = { isa = PBXFileReference; lastKnownFileType = sourcecode.cpp.cpp; name = Lorenz.cpp; path = ../../../CSL/Sources/Lorenz.cpp; sourceTree = "SOURCE_ROOT"; };
		D5D8705CB48D11077F818B11 = { isa = PBXFileReference; lastKnownFileType = sourcecode.cpp.cpp; name = "JCSL_Widgets.cpp"; path = "../../../JUCE/JCSL_Widgets.cpp"; sourceTree = "SOURCE_ROOT"; };
		D5FD27723F538BAF43FFF207 = { isa = PBXFileReference; lastKnownFileType = sourcecode.cpp.cpp; name = CPoint.cpp; path = ../../../CSL/Utilities/CPoint.cpp; sourceTree = "SOURCE_ROOT"; };
		D638D397C64DE4E239A7B62C = { isa = PBXFileReference; lastKnownFileType = sourcecode.c.h; name = CPoint.h; path = ../../../CSL/Utilities/CPoint.h; sourceTree = "SOURCE_ROOT"; };
		D8F67AFAE39D548601482E38 = { isa = PBXFileReference; lastKnownFileType = sourcecode.cpp.cpp; name = Noise.cpp; path = ../../../CSL/Sources/Noise.cpp; sourceTree = "SOURCE_ROOT"; };
		DA2EF822AF9BAFDB5AB20C83 = { isa = PBXFileReference; lastKnownFileType = sourcecode.cpp.cpp; name = SimplePanner.cpp; path = ../../../CSL/Spatializers/SimplePanner.cpp; sourceTree = "SOURCE_ROOT"; };
		DABCC7693111B6936C80D367 = { isa = PBXFileReference; lastKnownFileType = sourcecode.cpp.cpp; name = PME.cpp; path = ../../../CSL/Spatializers/VBAP/PME.cpp; sourceTree = "SOURCE_ROOT"; };
		DB234F9BB24EED2DF2D77F4D = { isa = PBXFileReference; lastKnownFileType = sourcecode.cpp.cpp; name = ThreadUtilities.cpp; path = ../../../CSL/Utilities/ThreadUtilities.cpp; sourceTree = "SOURCE_ROOT"; };
		DC92BE418E9668CB60977994 = { isa = PBXFileReference; lastKnownFileType = sourcecode.cpp.cpp; name = RingBuffer.cpp; path = ../../../CSL/Utilities/RingBuffer.cpp; sourceTree = "SOURCE_ROOT"; };
		DFDDE3155DB3DA32E256BEEE = { isa = PBXFileReference; lastKnownFileType = sourcecode.c.h; name = PME.h; path = ../../../CSL/Spatializers/VBAP/PME.h; sourceTree = "SOURCE_ROOT"; };
		E204DCF578590833838688ED = { isa = PBXFileReference; lastKnownFileType = sourcecode.cpp.cpp; name = "Test_Oscillators.cpp"; path = "../../../CSL/Tests/Test_Oscillators.cpp"; sourceTree = "SOURCE_ROOT"; };
		E5EDC666A2A517534187F70A = { isa = PBXFileReference; lastKnownFileType = sourcecode.cpp.cpp; name = PAIO.cpp; path = ../../../CSL/IO/PAIO.cpp; sourceTree = "SOURCE_ROOT"; };
		EBF48D9C106A08B7CC9042F9 = { isa = PBXFileReference; lastKnownFileType = sourcecode.cpp.cpp; name = SpatialAudio.cpp; path = ../../../CSL/Spatializers/SpatialAudio.cpp; sourceTree = "SOURCE_ROOT"; };
		F347637582B9EF497BE79548 = { isa = PBXFileReference; lastKnownFileType = sourcecode.cpp.cpp; name = InOut.cpp; path = ../../../CSL/Processors/InOut.cpp; sourceTree = "SOURCE_ROOT"; };
		F53FBAB35E0C09B357F43317 = { isa = PBXFileReference; lastKnownFileType = sourcecode.c.h; name = BinaryData.h; path = ../../JuceLibraryCode/BinaryData.h; sourceTree = "SOURCE_ROOT"; };
		F8D4DE5A5C827890CF6F8453 = { isa = PBXFileReference; lastKnownFileType = sourcecode.c.h; name = BinauralDB.h; path = ../../../CSL/Spatializers/Binaural/BinauralDB.h; sourceTree = "SOURCE_ROOT"; };
		FB2C2C8F156F45D1D0F8E56F = { isa = PBXFileReference; lastKnownFileType = sourcecode.c.h; name = AppConfig.h; path = ../../JuceLibraryCode/AppConfig.h; sourceTree = "SOURCE_ROOT"; };
		FB52AD873129A8183BA63EBA = { isa = PBXFileReference; lastKnownFileType = sourcecode.c.h; name = Spectral.h; path = ../../../CSL/Sources/Spectral.h; sourceTree = "SOURCE_ROOT"; };
		FB6C832491D5C099920D91B8 = { isa = PBXFileReference; lastKnownFileType = sourcecode.c.h; name = "CSL_Core.h"; path = "../../../CSL/Kernel/CSL_Core.h"; sourceTree = "SOURCE_ROOT"; };
		FB713134B4D0A30ABB266BE2 = { isa = PBXFileReference; lastKnownFileType = sourcecode.cpp.cpp; name = BinauralDB.cpp; path = ../../../CSL/Spatializers/Binaural/BinauralDB.cpp; sourceTree = "SOURCE_ROOT"; };
		FCB1B73C6AB6F55F6D98AAA0 = { isa = PBXFileReference; lastKnownFileType = sourcecode.c.h; name = SimpleSines.h; path = ../../../CSL/Sources/SimpleSines.h; sourceTree = "SOURCE_ROOT"; };
		FE169D20FB113A1CE49C0034 = { isa = PBXFileReference; lastKnownFileType = sourcecode.c.h; name = Clipper.h; path = ../../../CSL/Processors/Clipper.h; sourceTree = "SOURCE_ROOT"; };
		68B044CAA41ACB4AFE185A08 = { isa = PBXGroup; children = (
				7906A33794CD43BF72EAB720,
				CAFDE5F71C9B21993695F66A,
				FB6C832491D5C099920D91B8,
				C6F3B7ABB227CF6D7352A1B8,
				B5D91CAB6FE8701A83760EA0,
				7FA08E2A0385DD6B85016C09 ); name = Kernel; sourceTree = "<group>"; };
		ED5877E9A41498502BAE7409 = { isa = PBXGroup; children = (
				B6E56D2201404BDFB6F856B2,
				553FBB02C7CD11A02F827C75,
				68EF2338DD96B770CBD500F0,
				7A483ACC0682F3F706AE7D7A,
				C75C6AD055EB8D0C2B1E1E59,
				D638D397C64DE4E239A7B62C,
				D5FD27723F538BAF43FFF207,
				3944BC54A5A809F38A2BE65E ); name = Support; sourceTree = "<group>"; };
		8C5B987A363A43D1A4C4B0DC = { isa = PBXGroup; children = (
				95B7E22194F0301722F2902C,
				B34A3168B34FA3D8DC1342C9,
				8A850E77EEEAB2D2FC42749E,
				DC92BE418E9668CB60977994,
				2778AEFB57B874902AD01742,
				DB234F9BB24EED2DF2D77F4D,
				13FA3D2FBB98E0B82AB75CF3,
				454135CB83FE76998C7A8A32 ); name = Utilities; sourceTree = "<group>"; };
		907666C39D72459D37E8472E = { isa = PBXGroup; children = (
				A466C214FC2D52E5B932556D,
				B37DD4EF9F0500943976FD44,
				BC9269B53F49017BEFA26B99,
				2BC357E277A8ECD556A3D46D,
				CCD4C01E59E94CB548039289,
				D8F67AFAE39D548601482E38,
				FCB1B73C6AB6F55F6D98AAA0,
				B1D34C6BBFD61BC7F6AAD8D6,
				1C82EB63798383016FECC4BA,
				4AE4E881C6D92B1E4557093F,
				FB52AD873129A8183BA63EBA,
				137CEE8588E03DADC1D28DA0,
				A9B2DDA1775835FAEE20711A,
				57961A62F91D1A71A140759F,
				8B3CB8331E38CED3DB6C5432,
				4795BE10F2516A7A65446D29,
				AD1E41F37BEEF362DE938C61,
				35769BC11EB2F236223D2A2C,
				CA54B316A22F3B0E3518F8A5,
				D3B0081A039ECE46D5F7C55C,
				1CBCD69593CD66DAE2FFA189,
				6173C7D77D2F4A2164BB9B9C,
				CEBD61644F17B39DC9B9EBC3,
				B7B8C3CF2CCB3391C91F659E ); name = Sources; sourceTree = "<group>"; };
		40EE7EB05302AB7E2B2B0E32 = { isa = PBXGroup; children = (
				6079FED9628AC2E72E1DFD3D,
				3E86A2A867B9226994F3E0AC,
				95B01A1AD5F58F90B1F472D4,
				BF1EAEECD06CE9861496B56A,
				CD63C6DDB0002C9DEAD2DEC0,
				B6A24D85D407887DC04F7E8C,
				6A7212D0761C633DB41FCF27,
				01AD765CB0D2645028968E5A,
				59A22A5B283BAE86DAABB971,
				966BA1FD0E268BEF13EA5B37,
				A6AE147152404C26FEF463AA,
				F347637582B9EF497BE79548,
				FE169D20FB113A1CE49C0034,
				3F6696BA512E43ACFF10EFD8 ); name = Effects; sourceTree = "<group>"; };
		6EE757C0AC69B80A2C8197E8 = { isa = PBXGroup; children = (
				66B7EA89D5101281DF6E3D75,
				4A51078FE660868661D2E744,
				1F9F7BC0C29C2EAAB288BEEF,
				EBF48D9C106A08B7CC9042F9,
				78DEE7E2AC8AC8920C67B1EC,
				895C23A968DE665A8CBF7AE4,
				239099603F379B8306B46227,
				DA2EF822AF9BAFDB5AB20C83,
				99980C2ABAE26F08132A5E63,
				039194C309E1FFF9A29793ED,
				759D29C248281ADE43B86843,
				600C6B6C91F9DDDC55DEDE1C,
				7C2DA073D9758DF6F3DA4F7F,
				2FB2A2E88EDD16635F3231EE ); name = Kernel; sourceTree = "<group>"; };
		7D5D148ECE8C5C3E623B9619 = { isa = PBXGroup; children = (
				DFDDE3155DB3DA32E256BEEE,
				DABCC7693111B6936C80D367,
				A21349414E81C8145D86CBEA,
				9E0FB942CB561583AECC3F2B,
				3BAFD52694761266D4EE3854,
				AE85D74BE97477CED7E7C616 ); name = VBAP; sourceTree = "<group>"; };
		DBD3EDD310A544DB7668455F = { isa = PBXGroup; children = (
				06A801BF464F90F39C5B5904,
				3DF7EE55EDAE7890CA77A496,
				63695F663681E4E04A9FF2FF,
				3EB9F72E6BD316F0F7414670,
				0CB6B6FED467DB7C3BA7478A,
				1A9B9934D80DFA54985DE91F ); name = Ambisonic; sourceTree = "<group>"; };
		3C6F61F33D429AD61C3C641B = { isa = PBXGroup; children = (
				F8D4DE5A5C827890CF6F8453,
				FB713134B4D0A30ABB266BE2,
				12D239B43589E791FD846BD5,
				48FEC9439EEE45F079A2368A ); name = Binaural; sourceTree = "<group>"; };
		D8763C27C81C6B1EDC625C85 = { isa = PBXGroup; children = (
				6EE757C0AC69B80A2C8197E8,
				7D5D148ECE8C5C3E623B9619,
				DBD3EDD310A544DB7668455F,
				3C6F61F33D429AD61C3C641B ); name = Spatializers; sourceTree = "<group>"; };
		A414B15DDCDD9B68839F12D0 = { isa = PBXGroup; children = (
				63D4154B6861C668E469D854,
				B3934A1855EB62891E02A566,
				771ADA2B9A440098D90E890C,
				02FDB470B5EB6D47243DF104,
				C7341B08A143FFD4D1E73C88,
				A3B8DD09A017CF46C5D5350E,
				83F0E0DEE7EA67940F4F571B,
				2FF18B4374356CF74242F79A,
				B07D8D1FA9ABEDD4998536FB ); name = Instruments; sourceTree = "<group>"; };
		4ECF67DFCD34EA8C698BA332 = { isa = PBXGroup; children = (
				1C62233805CF42900DD05401,
				0535FD97D77645557F260D83,
				158B63A000BBDEC49B3DE6BB,
				C2989BDB8562E7608ED8BF03,
				141FC5FA25601E158C9AE01E,
				C808E1950C06A6E17DCC903A,
				309A11655872C6950806C8D6,
				103CBDDE0767FC2B2A1324D4,
				41CD7661E8BCA7A877FECC1E,
				35490661AAF8F09892407F1A,
				C4EF2CBDE89758EE07F781EB,
				788F5A1AD942DBA7CBABDF9D,
				4FFA4318747D40DC921782F1,
				1F7EADC3930A25F112C30ECA ); name = IO; sourceTree = "<group>"; };
		443570D8CD00DD7991FB95AA = { isa = PBXGroup; children = (
				4B3824AEE80157842F303AEA,
				7C664EBF1613CED74FEA792C,
				595587717240D20B2803FAE5,
				E5EDC666A2A517534187F70A,
				91DB20894DE8950376D567EE,
				4ADBC13E31F42756E9E4F0D2,
				371B3A5FD264F1BFFF9EAF21,
				A90545F5BD01C3D6B285143F,
				03A324DEF6B8E94BD41CAD64,
				CC3A16A9F8273B1C7EBCF3BC,
				8C94BEBEC7532EBD40E354F2,
				15AB391B6D2A389257C24354,
				356D83A84E1480605D1632B4,
				14230ABCF0262169DDDF89A9,
				87AE04D8286898B5A7AB9441,
				4713AFDF32E5727B90C7BE92,
				4006579D6B1C7E15503B9C9F,
				C0F069534C0F8E761C0A553A ); name = IO2; sourceTree = "<group>"; };
		5A752D1056357DC7F7AAFC98 = { isa = PBXGroup; children = (
				78A9001B3F06604B9EF7F3DB,
				88551CE12D48E13BAB2B2819,
				E204DCF578590833838688ED,
				502A4EE39A882445C029C016,
				CB57B85DDFC730DD5372A459,
				022F4B4D66123CB0E4649497,
				A1B0567BBC0F62557D8C53B4,
				51596BDE2A8028E1C1F2653A,
				8CE03E8F131EDD260DC0F0F4,
				9341399A8F9E3B0A4F2582E0 ); name = Tests; sourceTree = "<group>"; };
		8A6DF2197FD3DBE80C79AB77 = { isa = PBXGroup; children = (
				1C015FC46EFB5ABC537863EE,
				761D9F5BD1E0D7D0F3CEC3D6,
				24127BE623A0BA4D092C8164,
				7044B324BDD5FDA760F23549,
				CD0B3257090ECE4F57DB41F8,
				D5D8705CB48D11077F818B11,
				00632E0A26510E9AED3B0E01 ); name = GUI; sourceTree = "<group>"; };
		6CFE4A9E3C831175063456A6 = { isa = PBXGroup; children = (
				68B044CAA41ACB4AFE185A08,
				ED5877E9A41498502BAE7409,
				8C5B987A363A43D1A4C4B0DC,
				907666C39D72459D37E8472E,
				40EE7EB05302AB7E2B2B0E32,
				D8763C27C81C6B1EDC625C85,
				A414B15DDCDD9B68839F12D0,
				4ECF67DFCD34EA8C698BA332,
				443570D8CD00DD7991FB95AA,
				5A752D1056357DC7F7AAFC98,
				8A6DF2197FD3DBE80C79AB77 ); name = CSL; sourceTree = "<group>"; };
		1B19E4F58E4E5A59BD3D32B1 = { isa = PBXGroup; children = (
				3D705BF8C800190F2D580658 ); name = Source; sourceTree = "<group>"; };
		3DC84B09A6BC362E05B227ED = { isa = PBXGroup; children = (
				6CFE4A9E3C831175063456A6,
				1B19E4F58E4E5A59BD3D32B1 ); name = "CSL_JUCE"; sourceTree = "<group>"; };
		89F0674264975FDF61AA56A3 = { isa = PBXGroup; children = (
				FB2C2C8F156F45D1D0F8E56F,
				A81778720A952477669830A1,
				F53FBAB35E0C09B357F43317,
				9C08154FF335AF1AF272F43D ); name = "Juce Library Code"; sourceTree = "<group>"; };
		F0D6978121C5C08C2FA2BB15 = { isa = PBXGroup; children = (
				9DB1205773EE98746A7BA2EA,
				78454CC340A428DFD6CDE8C2 ); name = Resources; sourceTree = "<group>"; };
		32DD417451DA110483315A3B = { isa = PBXGroup; children = (  ); name = Frameworks; sourceTree = "<group>"; };
		8B8CAD0AE1D5F3F461055AC7 = { isa = PBXGroup; children = (
				22A13D1848743E8EAB738765 ); name = Products; sourceTree = "<group>"; };
		8FB1CEA3E152CC3A54E6688E = { isa = PBXGroup; children = (
				3DC84B09A6BC362E05B227ED,
				89F0674264975FDF61AA56A3,
				F0D6978121C5C08C2FA2BB15,
				32DD417451DA110483315A3B,
				8B8CAD0AE1D5F3F461055AC7 ); name = Source; sourceTree = "<group>"; };
		4882BFF6EEA850E248DD3057 = { isa = XCBuildConfiguration; buildSettings = {
				ARCHS = "$(ARCHS_STANDARD_64_BIT)";
				HEADER_SEARCH_PATHS = "../../JuceLibraryCode /usr/local/include ../../../CSL/Includes $(inherited)";
				GCC_OPTIMIZATION_LEVEL = 0;
				INFOPLIST_FILE = Info.plist;
				INSTALL_PATH = "$(HOME)/Applications";
				MACOSX_DEPLOYMENT_TARGET_ppc = 10.4;
				SDKROOT_ppc = macosx10.5;
				GCC_VERSION = com.apple.compilers.llvm.clang.1_0;
				CLANG_CXX_LANGUAGE_STANDARD = "c++0x";
				COMBINE_HIDPI_IMAGES = YES;
				OTHER_LDFLAGS = "-lsndfile";
				LIBRARY_SEARCH_PATHS = ("$(inherited)", "\"/usr/local/lib\"");
				COPY_PHASE_STRIP = NO;
				GCC_DYNAMIC_NO_PIC = NO;
				GCC_PREPROCESSOR_DEFINITIONS = (
				"_DEBUG=1",
				"DEBUG",
				"USE_JUCE",
				"USE_VBAP",
				"USE_HRTF",
				"USE_AMBISONIC",
				"USE_FFTREAL",
				"USE_LSND",
				"JUCER_XCODE_MAC_F6D2F4CF=1"); }; name = Debug; };
		BFE3DA8251107FAA514C3503 = { isa = XCBuildConfiguration; buildSettings = {
				ARCHS = "$(ARCHS_STANDARD_64_BIT)";
				HEADER_SEARCH_PATHS = "../../JuceLibraryCode /usr/local/include ../../../CSL/Includes $(inherited)";
				GCC_OPTIMIZATION_LEVEL = 3;
				INFOPLIST_FILE = Info.plist;
				INSTALL_PATH = "$(HOME)/Applications";
				MACOSX_DEPLOYMENT_TARGET_ppc = 10.4;
				SDKROOT_ppc = macosx10.5;
				GCC_VERSION = com.apple.compilers.llvm.clang.1_0;
				CLANG_CXX_LANGUAGE_STANDARD = "c++0x";
				COMBINE_HIDPI_IMAGES = YES;
				OTHER_LDFLAGS = "-lsndfile";
				LIBRARY_SEARCH_PATHS = ("$(inherited)", "\"/usr/local/lib\"");
				GCC_GENERATE_DEBUGGING_SYMBOLS = NO;
				GCC_SYMBOLS_PRIVATE_EXTERN = YES;
				GCC_PREPROCESSOR_DEFINITIONS = (
				"_NDEBUG=1",
				"NDEBUG=1",
				"USE_JUCE",
				"USE_VBAP",
				"USE_HRTF",
				"USE_AMBISONIC",
				"USE_FFTREAL",
				"USE_LSND",
				"JUCER_XCODE_MAC_F6D2F4CF=1"); }; name = Release; };
		F7E24ECF95D6271E3198E96A = { isa = XCBuildConfiguration; buildSettings = {
				ALWAYS_SEARCH_USER_PATHS = NO;
				GCC_C_LANGUAGE_STANDARD = c99;
				GCC_WARN_ABOUT_RETURN_TYPE = YES;
				GCC_WARN_CHECK_SWITCH_STATEMENTS = YES;
				GCC_WARN_UNUSED_VARIABLE = YES;
				GCC_WARN_MISSING_PARENTHESES = YES;
				GCC_WARN_NON_VIRTUAL_DESTRUCTOR = YES;
				GCC_WARN_TYPECHECK_CALLS_TO_PRINTF = YES;
				WARNING_CFLAGS = -Wreorder;
				GCC_MODEL_TUNING = G5;
				GCC_INLINES_ARE_PRIVATE_EXTERN = YES;
				ZERO_LINK = NO;
				DEBUG_INFORMATION_FORMAT = "dwarf";
				PRODUCT_NAME = "CSL_Demo"; }; name = Debug; };
		718FA88C97A12053562A587D = { isa = XCBuildConfiguration; buildSettings = {
				ALWAYS_SEARCH_USER_PATHS = NO;
				GCC_C_LANGUAGE_STANDARD = c99;
				GCC_WARN_ABOUT_RETURN_TYPE = YES;
				GCC_WARN_CHECK_SWITCH_STATEMENTS = YES;
				GCC_WARN_UNUSED_VARIABLE = YES;
				GCC_WARN_MISSING_PARENTHESES = YES;
				GCC_WARN_NON_VIRTUAL_DESTRUCTOR = YES;
				GCC_WARN_TYPECHECK_CALLS_TO_PRINTF = YES;
				WARNING_CFLAGS = -Wreorder;
				GCC_MODEL_TUNING = G5;
				GCC_INLINES_ARE_PRIVATE_EXTERN = YES;
				ZERO_LINK = NO;
				DEBUG_INFORMATION_FORMAT = "dwarf";
				PRODUCT_NAME = "CSL_Demo"; }; name = Release; };
		D977EFA00DF5928DE2E25DD9 = { isa = XCConfigurationList; buildConfigurations = (
				F7E24ECF95D6271E3198E96A,
				718FA88C97A12053562A587D ); defaultConfigurationIsVisible = 0; defaultConfigurationName = Debug; };
		716FAD08D6828A98440DDD86 = { isa = XCConfigurationList; buildConfigurations = (
				4882BFF6EEA850E248DD3057,
				BFE3DA8251107FAA514C3503 ); defaultConfigurationIsVisible = 0; defaultConfigurationName = Debug; };
		DD07FF4A57BD0FF090EEB09A = { isa = PBXResourcesBuildPhase; buildActionMask = 2147483647; files = (
				2283F55BB923F0D27202FB28 ); runOnlyForDeploymentPostprocessing = 0; };
		2756A93F6118FE3CD2682D56 = { isa = PBXSourcesBuildPhase; buildActionMask = 2147483647; files = (
				2A5585D52C40F37C9CA04D4F,
				5B6F6674EF379089434BDB38,
				33AD57AE675824872F1EB1A2,
				457D785CDE57C57F9A6C9E2E,
				086F676C548455135434D29F,
				E2719FE9FA087AD8E515ED5B,
				788EDE3B05B8DDEE8A901A62,
				B5BC7666E2ECBDF70ADFAC11,
				049A4F080C0E76F8D6EF062C,
				ACCB26C85B53DFD2404A5579,
				97889EF2E5D11C4CE90E378A,
				C73A8F384F79D43CCBD43424,
				7F96905F6EDEB0C84217463A,
				DB7ADE5413DB92918DB77FC3,
				9E54CED84938E5BF3327B0D2,
				763B4F0E79600D9CBBA7FE9D,
				9D4457B96E814F2E09E5D407,
				540E5A5A0A31ED1F5CFE1FE2,
				BF2A0804F200AB8DACE61329,
				DAA3A8CB07D3B2991186B62E,
				F794309D3D4C14F2B2A59D39,
				FB356CDAEED42BE548B39CA0,
				B6E72288916E2E2B87CD724E,
				9EF30F494596C7DC1D70870B,
				834124A67F56FB61B621C7C9,
				E3F6819ABF2492CAF3DEBF60,
				EDF437188DA5FA4B07302862,
				204AA4079E3944C0E8610997,
				D9A47405E1698E9F3432202F,
				D9FDB9772135D0B9A1A1C3CA,
				E1E98BBF3C51ECD312897FEF,
				0C083DE946B630BA19739208,
				5652F87E3879A1F300E8A5B9,
				C3986623D451295A3E681DE5,
				2F3546E32B3C3075D6CE5B2E,
				AA2A57C487344D5FBE304483,
				E0FB54285D4C02A3A2B931B9,
				13264C75FFD4D9BDEE544CF7,
				A26F93585B2D5E079957BCB6,
				AE9BE7FBD34D04E35E4FE355,
				7CD268ED5E5B4D72C8A6CB75,
				662718E59AD4315C0DEAD04E,
				99FDF0979C7C517403734E8E,
				B4AC5514713A33891827CD44,
				2D01519301875DCF30EEEB32,
				ECC85D0405A43DC3E38EE846,
				91A4DBC42A57B8AA2DB037FD,
				F023E8998AC7314BD8C42A87,
				02FE1F1ABB555B7A95B55936,
				F2E0CBFE2068B9B4657B2441,
				592D79E2B7C12C1C43924356,
				A8DABD83E90C32D0B47A4DEC,
				6B4B1F4517C54B987E749C1C,
				45B8B21C99EB1BBDA9D28C70,
				900C69B21E445D5C8FBD8171,
				7FEDEBE816963E9531CAFADA,
				01DED9E03C1D987C7798162F,
				B33ACA71D1D38F6A92BB70B2,
				B5C4DA848EEFE12B71C104AC,
				BA74ABF8F2E8F8DC9E223E19,
				3A641FC8DB2939D1E3B25E0A,
				ADAC17DA75220C132203D0A3 ); runOnlyForDeploymentPostprocessing = 0; };
		29F5BA69EBA87D584B8816DC = { isa = PBXFrameworksBuildPhase; buildActionMask = 2147483647; files = (  ); runOnlyForDeploymentPostprocessing = 0; };
		E210939D87E14B0BE76EAC83 = { isa = PBXNativeTarget; buildConfigurationList = 716FAD08D6828A98440DDD86; buildPhases = (
				DD07FF4A57BD0FF090EEB09A,
				2756A93F6118FE3CD2682D56,
				29F5BA69EBA87D584B8816DC ); buildRules = ( ); dependencies = ( ); name = "CSL_JUCE"; productName = "CSL_JUCE"; productReference = 22A13D1848743E8EAB738765; productInstallPath = "$(HOME)/Applications"; productType = "com.apple.product-type.application"; };
		03E4F3C1C1F0ACF90FB6B0E7 = { isa = PBXProject; buildConfigurationList = D977EFA00DF5928DE2E25DD9; attributes = { LastUpgradeCheck = 0440; }; compatibilityVersion = "Xcode 3.2"; hasScannedForEncodings = 0; mainGroup = 8FB1CEA3E152CC3A54E6688E; projectDirPath = ""; projectRoot = ""; targets = ( E210939D87E14B0BE76EAC83 ); };
	};
	rootObject = 03E4F3C1C1F0ACF90FB6B0E7;
}
